// !$*UTF8*$!
{
	archiveVersion = 1;
	classes = {
	};
	objectVersion = 56;
	objects = {

/* Begin PBXBuildFile section */
		144564222CBB932B0097DF89 /* MelonChartNavigationViewController.swift in Sources */ = {isa = PBXBuildFile; fileRef = 144564212CBB932B0097DF89 /* MelonChartNavigationViewController.swift */; };
		144564242CBB941B0097DF89 /* MelonChartNavigationViewController+ListLayout.swift in Sources */ = {isa = PBXBuildFile; fileRef = 144564232CBB941B0097DF89 /* MelonChartNavigationViewController+ListLayout.swift */; };
		144564262CBB959F0097DF89 /* MelonChartNavigationViewController+Type.swift in Sources */ = {isa = PBXBuildFile; fileRef = 144564252CBB959F0097DF89 /* MelonChartNavigationViewController+Type.swift */; };
		144564282CBB98720097DF89 /* MelonChartNavigationViewController+DataSource.swift in Sources */ = {isa = PBXBuildFile; fileRef = 144564272CBB98720097DF89 /* MelonChartNavigationViewController+DataSource.swift */; };
		1445642A2CBC00AA0097DF89 /* MelonChartNavigationViewControllerWithAccessibility.swift in Sources */ = {isa = PBXBuildFile; fileRef = 144564292CBC00AA0097DF89 /* MelonChartNavigationViewControllerWithAccessibility.swift */; };
		1445642C2CBC00B90097DF89 /* MelonChartNavigationViewControllerWithAccessibility+DataSource.swift in Sources */ = {isa = PBXBuildFile; fileRef = 1445642B2CBC00B90097DF89 /* MelonChartNavigationViewControllerWithAccessibility+DataSource.swift */; };
		1445642E2CBC00DF0097DF89 /* MelonChartNavigationViewControllerWithAccessibility+ListLayout.swift in Sources */ = {isa = PBXBuildFile; fileRef = 1445642D2CBC00DF0097DF89 /* MelonChartNavigationViewControllerWithAccessibility+ListLayout.swift */; };
		144564302CBC00E90097DF89 /* MelonChartNavigationViewControllerWithAccessibility+Type.swift in Sources */ = {isa = PBXBuildFile; fileRef = 1445642F2CBC00E90097DF89 /* MelonChartNavigationViewControllerWithAccessibility+Type.swift */; };
		144FC6ED2CBCB0FF00CC75FE /* MelonChartNavigationViewControllerWithAccessibility+Delegate.swift in Sources */ = {isa = PBXBuildFile; fileRef = 144FC6EC2CBCB0FF00CC75FE /* MelonChartNavigationViewControllerWithAccessibility+Delegate.swift */; };
		144FC6EF2CBCB1E800CC75FE /* MelonChartNavigationViewControllerWithAccessibility+Action.swift in Sources */ = {isa = PBXBuildFile; fileRef = 144FC6EE2CBCB1E800CC75FE /* MelonChartNavigationViewControllerWithAccessibility+Action.swift */; };
		144FC6F32CBCBDAB00CC75FE /* GridTextCellWithAccessibility.swift in Sources */ = {isa = PBXBuildFile; fileRef = 144FC6F22CBCBDAB00CC75FE /* GridTextCellWithAccessibility.swift */; };
		144FC6F52CBCD87300CC75FE /* BorderedListCell.swift in Sources */ = {isa = PBXBuildFile; fileRef = 144FC6F42CBCD87300CC75FE /* BorderedListCell.swift */; };
		144FC6F72CBCDAB100CC75FE /* AdjustableForAccessibility.swift in Sources */ = {isa = PBXBuildFile; fileRef = 144FC6F62CBCDAB100CC75FE /* AdjustableForAccessibility.swift */; };
		144FC6FA2CBCE8B000CC75FE /* TodayCollectionListCell.swift in Sources */ = {isa = PBXBuildFile; fileRef = 144FC6F92CBCE8B000CC75FE /* TodayCollectionListCell.swift */; };
		14852BE32CC1FA0D00F53857 /* NewsListViewControllerWithAccessibility+DataSource.swift in Sources */ = {isa = PBXBuildFile; fileRef = 14852BE22CC1FA0D00F53857 /* NewsListViewControllerWithAccessibility+DataSource.swift */; };
		14852BE52CC1FA4800F53857 /* NewsListViewControllerWithAccessibility+Delegate.swift in Sources */ = {isa = PBXBuildFile; fileRef = 14852BE42CC1FA4800F53857 /* NewsListViewControllerWithAccessibility+Delegate.swift */; };
		14852BE72CC20B4300F53857 /* ButtonTraitsTableCell.swift in Sources */ = {isa = PBXBuildFile; fileRef = 14852BE62CC20B4300F53857 /* ButtonTraitsTableCell.swift */; };
		14852BEB2CC227DE00F53857 /* MelonListCell.swift in Sources */ = {isa = PBXBuildFile; fileRef = 14852BEA2CC227DE00F53857 /* MelonListCell.swift */; };
		14852BED2CC22CD500F53857 /* MusicGroupView.swift in Sources */ = {isa = PBXBuildFile; fileRef = 14852BEC2CC22CD500F53857 /* MusicGroupView.swift */; };
		14852BEF2CC232AF00F53857 /* MelonChartNavigationViewController+Action.swift in Sources */ = {isa = PBXBuildFile; fileRef = 14852BEE2CC232AF00F53857 /* MelonChartNavigationViewController+Action.swift */; };
		14852BF12CC2384F00F53857 /* MelonListCellWithAccessibility.swift in Sources */ = {isa = PBXBuildFile; fileRef = 14852BF02CC2384F00F53857 /* MelonListCellWithAccessibility.swift */; };
		1488352E2CC50B0B0015EA41 /* ButtonTraitsCollectionListCell.swift in Sources */ = {isa = PBXBuildFile; fileRef = 1488352D2CC50B0B0015EA41 /* ButtonTraitsCollectionListCell.swift */; };
		148835312CC50FBA0015EA41 /* CollectionWithAccessibilityViewController.swift in Sources */ = {isa = PBXBuildFile; fileRef = 148835302CC50FBA0015EA41 /* CollectionWithAccessibilityViewController.swift */; };
		148835332CC50FF30015EA41 /* CollectionWithAccessibilityViewController+DataSource.swift in Sources */ = {isa = PBXBuildFile; fileRef = 148835322CC50FF30015EA41 /* CollectionWithAccessibilityViewController+DataSource.swift */; };
		148835352CC5104D0015EA41 /* CollectionWithAccessibilityViewController+ListLayout.swift in Sources */ = {isa = PBXBuildFile; fileRef = 148835342CC5104D0015EA41 /* CollectionWithAccessibilityViewController+ListLayout.swift */; };
		148835372CC5106C0015EA41 /* CollectionWithAccessibilityViewController+Type.swift in Sources */ = {isa = PBXBuildFile; fileRef = 148835362CC5106C0015EA41 /* CollectionWithAccessibilityViewController+Type.swift */; };
		1488353A2CC513BD0015EA41 /* TableWithAccessibilityViewController.swift in Sources */ = {isa = PBXBuildFile; fileRef = 148835392CC513BD0015EA41 /* TableWithAccessibilityViewController.swift */; };
		1488353C2CC513E40015EA41 /* TableWithAccessibilityViewController+DataSource.swift in Sources */ = {isa = PBXBuildFile; fileRef = 1488353B2CC513E40015EA41 /* TableWithAccessibilityViewController+DataSource.swift */; };
		1488353E2CC513EE0015EA41 /* TableWithAccessibilityViewController+Delegate.swift in Sources */ = {isa = PBXBuildFile; fileRef = 1488353D2CC513EE0015EA41 /* TableWithAccessibilityViewController+Delegate.swift */; };
		149991AF2CCB2D8F0036BE94 /* RecentEmptyListCell.swift in Sources */ = {isa = PBXBuildFile; fileRef = 149991AE2CCB2D8F0036BE94 /* RecentEmptyListCell.swift */; };
		14B1303C2CAED6D500877314 /* GrabberView.swift in Sources */ = {isa = PBXBuildFile; fileRef = 14B1303B2CAED6D500877314 /* GrabberView.swift */; };
		14F7FC3B2CB2AC4D00F3FA61 /* PageDetailViewController.swift in Sources */ = {isa = PBXBuildFile; fileRef = 14F7FC3A2CB2AC4D00F3FA61 /* PageDetailViewController.swift */; };
		14F7FC3E2CB2C8C200F3FA61 /* SearchViewControllerWithAccessibility.swift in Sources */ = {isa = PBXBuildFile; fileRef = 14F7FC3D2CB2C8C200F3FA61 /* SearchViewControllerWithAccessibility.swift */; };
		14F7FC402CB2C8D300F3FA61 /* SearchViewControllerWithAccessibility+DataSource.swift in Sources */ = {isa = PBXBuildFile; fileRef = 14F7FC3F2CB2C8D300F3FA61 /* SearchViewControllerWithAccessibility+DataSource.swift */; };
		14F7FC422CB2C8DC00F3FA61 /* SearchViewControllerWithAccessibility+Delegate.swift in Sources */ = {isa = PBXBuildFile; fileRef = 14F7FC412CB2C8DC00F3FA61 /* SearchViewControllerWithAccessibility+Delegate.swift */; };
		14F7FC442CB2C8EC00F3FA61 /* SearchViewControllerWithAccessibility+Updating.swift in Sources */ = {isa = PBXBuildFile; fileRef = 14F7FC432CB2C8EC00F3FA61 /* SearchViewControllerWithAccessibility+Updating.swift */; };
		14F7FC472CB2CF6C00F3FA61 /* PageViewControllerWithAccessibility.swift in Sources */ = {isa = PBXBuildFile; fileRef = 14F7FC462CB2CF6C00F3FA61 /* PageViewControllerWithAccessibility.swift */; };
		14F7FC492CB2D28100F3FA61 /* PageViewControllerWithAccessibility+DataSource.swift in Sources */ = {isa = PBXBuildFile; fileRef = 14F7FC482CB2D28100F3FA61 /* PageViewControllerWithAccessibility+DataSource.swift */; };
		4E0925192CA4EC5D00474A16 /* WiFi.swift in Sources */ = {isa = PBXBuildFile; fileRef = 4E0925182CA4EC5D00474A16 /* WiFi.swift */; };
		4E0AB03F2C9BAB9700B8A89C /* Detail.swift in Sources */ = {isa = PBXBuildFile; fileRef = 4E0AB03E2C9BAB9700B8A89C /* Detail.swift */; };
		4E0AB0452C9BC9CE00B8A89C /* ComponentBoxView.swift in Sources */ = {isa = PBXBuildFile; fileRef = 4E0AB0442C9BC9CE00B8A89C /* ComponentBoxView.swift */; };
		4E0AB0472C9BD22200B8A89C /* DefaultTextField.swift in Sources */ = {isa = PBXBuildFile; fileRef = 4E0AB0462C9BD22200B8A89C /* DefaultTextField.swift */; };
		4E0AB0492C9BDD9900B8A89C /* TextViewController.swift in Sources */ = {isa = PBXBuildFile; fileRef = 4E0AB0482C9BDD9900B8A89C /* TextViewController.swift */; };
		4E0AB0502C9BEF2800B8A89C /* SearchViewController.swift in Sources */ = {isa = PBXBuildFile; fileRef = 4E0AB04F2C9BEF2800B8A89C /* SearchViewController.swift */; };
		4E0AB0522C9BF02500B8A89C /* SearchViewController+DataSource.swift in Sources */ = {isa = PBXBuildFile; fileRef = 4E0AB0512C9BF02500B8A89C /* SearchViewController+DataSource.swift */; };
		4E0AB0542C9BF19C00B8A89C /* SearchViewController+Delegate.swift in Sources */ = {isa = PBXBuildFile; fileRef = 4E0AB0532C9BF19C00B8A89C /* SearchViewController+Delegate.swift */; };
		4E12CE492CA244BC004DF1EA /* DefaultViewController.swift in Sources */ = {isa = PBXBuildFile; fileRef = 4E12CE482CA244BC004DF1EA /* DefaultViewController.swift */; };
		4E12CE4B2CA2482F004DF1EA /* Titleable.swift in Sources */ = {isa = PBXBuildFile; fileRef = 4E12CE4A2CA2482F004DF1EA /* Titleable.swift */; };
		4E12CE4D2CA27BD4004DF1EA /* DefaultWithScrollViewController.swift in Sources */ = {isa = PBXBuildFile; fileRef = 4E12CE4C2CA27BD4004DF1EA /* DefaultWithScrollViewController.swift */; };
		4E1BC4F72CAF7244001A29D5 /* SearchViewController+Updating.swift in Sources */ = {isa = PBXBuildFile; fileRef = 4E1BC4F62CAF7244001A29D5 /* SearchViewController+Updating.swift */; };
		4E1BC4F92CAF87F9001A29D5 /* UIAccessibility+Focus.swift in Sources */ = {isa = PBXBuildFile; fileRef = 4E1BC4F82CAF87F9001A29D5 /* UIAccessibility+Focus.swift */; };
		4E285DBF2C8FE947007F286C /* ButtonAndSliderViewController+Action.swift in Sources */ = {isa = PBXBuildFile; fileRef = 4E285DBE2C8FE947007F286C /* ButtonAndSliderViewController+Action.swift */; };
		4E285DC52C901C68007F286C /* StateViewController.swift in Sources */ = {isa = PBXBuildFile; fileRef = 4E285DC42C901C68007F286C /* StateViewController.swift */; };
		4E31E0F02C927024004C4979 /* DateFormatterManager.swift in Sources */ = {isa = PBXBuildFile; fileRef = 4E31E0EF2C927024004C4979 /* DateFormatterManager.swift */; };
		4E31E0F32C927621004C4979 /* DateAndTimeViewController+Action.swift in Sources */ = {isa = PBXBuildFile; fileRef = 4E31E0F22C927621004C4979 /* DateAndTimeViewController+Action.swift */; };
		4E5076942CC8C5E0006A84D7 /* RecentSearchViewController.swift in Sources */ = {isa = PBXBuildFile; fileRef = 4E5076932CC8C5E0006A84D7 /* RecentSearchViewController.swift */; };
		4E5076962CC8C76E006A84D7 /* RecentSearchViewController+DataSource.swift in Sources */ = {isa = PBXBuildFile; fileRef = 4E5076952CC8C76E006A84D7 /* RecentSearchViewController+DataSource.swift */; };
		4E5076982CC8C77A006A84D7 /* RecentSearchViewController+Delegate.swift in Sources */ = {isa = PBXBuildFile; fileRef = 4E5076972CC8C77A006A84D7 /* RecentSearchViewController+Delegate.swift */; };
		4E50769A2CC8C791006A84D7 /* RecentSearchViewController+Updating.swift in Sources */ = {isa = PBXBuildFile; fileRef = 4E5076992CC8C791006A84D7 /* RecentSearchViewController+Updating.swift */; };
		4E612E532CB4BB09004FAFA0 /* DynamicTypeable.swift in Sources */ = {isa = PBXBuildFile; fileRef = 4E612E522CB4BB09004FAFA0 /* DynamicTypeable.swift */; };
		4E612E552CB502E9004FAFA0 /* PublicHoliday.swift in Sources */ = {isa = PBXBuildFile; fileRef = 4E612E542CB502E9004FAFA0 /* PublicHoliday.swift */; };
		4E855F542CACE15C008CDB3B /* DefaultCollectionViewController.swift in Sources */ = {isa = PBXBuildFile; fileRef = 4E855F532CACE15C008CDB3B /* DefaultCollectionViewController.swift */; };
		4E855F562CACE184008CDB3B /* DefaultCollectionViewController+DataSource.swift in Sources */ = {isa = PBXBuildFile; fileRef = 4E855F552CACE184008CDB3B /* DefaultCollectionViewController+DataSource.swift */; };
		4E855F582CACE1C0008CDB3B /* DefaultCollectionViewController+ListLayout.swift in Sources */ = {isa = PBXBuildFile; fileRef = 4E855F572CACE1C0008CDB3B /* DefaultCollectionViewController+ListLayout.swift */; };
		4E855F5A2CACE209008CDB3B /* DefaultCollectionViewController+Type.swift in Sources */ = {isa = PBXBuildFile; fileRef = 4E855F592CACE209008CDB3B /* DefaultCollectionViewController+Type.swift */; };
		4E855F5C2CACF378008CDB3B /* DefaultListCell.swift in Sources */ = {isa = PBXBuildFile; fileRef = 4E855F5B2CACF378008CDB3B /* DefaultListCell.swift */; };
		4EB122F82CB7679300D771D3 /* NewsListViewController.swift in Sources */ = {isa = PBXBuildFile; fileRef = 4EB122F72CB7679300D771D3 /* NewsListViewController.swift */; };
		4EB122FA2CB7694300D771D3 /* NewsListCell.swift in Sources */ = {isa = PBXBuildFile; fileRef = 4EB122F92CB7694300D771D3 /* NewsListCell.swift */; };
		4EB122FC2CB7821A00D771D3 /* News.swift in Sources */ = {isa = PBXBuildFile; fileRef = 4EB122FB2CB7821A00D771D3 /* News.swift */; };
		4EB123002CB793B100D771D3 /* ButtonSupplementaryView.swift in Sources */ = {isa = PBXBuildFile; fileRef = 4EB122FF2CB793B100D771D3 /* ButtonSupplementaryView.swift */; };
		4EB123022CB7A71300D771D3 /* Pagable.swift in Sources */ = {isa = PBXBuildFile; fileRef = 4EB123012CB7A71300D771D3 /* Pagable.swift */; };
		4EB123042CB7B0C300D771D3 /* NewsListViewControllerWithAccessibility.swift in Sources */ = {isa = PBXBuildFile; fileRef = 4EB123032CB7B0C300D771D3 /* NewsListViewControllerWithAccessibility.swift */; };
		4EB123062CB7B57900D771D3 /* NewsListCellWithAccessibility.swift in Sources */ = {isa = PBXBuildFile; fileRef = 4EB123052CB7B57900D771D3 /* NewsListCellWithAccessibility.swift */; };
		4EBB491B2CA3D63C006FD702 /* TextViewController+Delegate.swift in Sources */ = {isa = PBXBuildFile; fileRef = 4EBB491A2CA3D63C006FD702 /* TextViewController+Delegate.swift */; };
		4EC05A5A2CC9D0400062E0D0 /* RecentListCell.swift in Sources */ = {isa = PBXBuildFile; fileRef = 4EC05A592CC9D0400062E0D0 /* RecentListCell.swift */; };
		4EC05A5C2CC9D8EB0062E0D0 /* RecentSearchViewController+Type.swift in Sources */ = {isa = PBXBuildFile; fileRef = 4EC05A5B2CC9D8EB0062E0D0 /* RecentSearchViewController+Type.swift */; };
		4EC05A602CC9E70D0062E0D0 /* RecentSearchViewController+ListLayout.swift in Sources */ = {isa = PBXBuildFile; fileRef = 4EC05A5F2CC9E70D0062E0D0 /* RecentSearchViewController+ListLayout.swift */; };
		4EC05A622CC9F33D0062E0D0 /* PreferredContentSizeManager.swift in Sources */ = {isa = PBXBuildFile; fileRef = 4EC05A612CC9F33D0062E0D0 /* PreferredContentSizeManager.swift */; };
		4EC51C952C911B8500385BD0 /* StateViewController+Action.swift in Sources */ = {isa = PBXBuildFile; fileRef = 4EC51C942C911B8500385BD0 /* StateViewController+Action.swift */; };
		4EC51C972C91226300385BD0 /* OutlineViewController.swift in Sources */ = {isa = PBXBuildFile; fileRef = 4EC51C962C91226300385BD0 /* OutlineViewController.swift */; };
		4EC51C9A2C9128C400385BD0 /* OutLineViewController+DataSource.swift in Sources */ = {isa = PBXBuildFile; fileRef = 4EC51C992C9128C400385BD0 /* OutLineViewController+DataSource.swift */; };
		4EC51C9C2C91295200385BD0 /* Outline.swift in Sources */ = {isa = PBXBuildFile; fileRef = 4EC51C9B2C91295200385BD0 /* Outline.swift */; };
		4EC51C9F2C912AD800385BD0 /* OutLineViewController+Delegate.swift in Sources */ = {isa = PBXBuildFile; fileRef = 4EC51C9E2C912AD800385BD0 /* OutLineViewController+Delegate.swift */; };
		4EC51CA12C91597B00385BD0 /* DateAndTimeViewController.swift in Sources */ = {isa = PBXBuildFile; fileRef = 4EC51CA02C91597B00385BD0 /* DateAndTimeViewController.swift */; };
		4EC52ADF2C9D157B007E07D6 /* SwitchViewController.swift in Sources */ = {isa = PBXBuildFile; fileRef = 4EC52ADE2C9D157B007E07D6 /* SwitchViewController.swift */; };
		4EC52AE12C9D1590007E07D6 /* SwitchViewController+DataSource.swift in Sources */ = {isa = PBXBuildFile; fileRef = 4EC52AE02C9D1590007E07D6 /* SwitchViewController+DataSource.swift */; };
		4EC52AE32C9D19D8007E07D6 /* SwitchViewController+Action.swift in Sources */ = {isa = PBXBuildFile; fileRef = 4EC52AE22C9D19D8007E07D6 /* SwitchViewController+Action.swift */; };
		4EC52AE72C9D36F4007E07D6 /* ImageLoader.swift in Sources */ = {isa = PBXBuildFile; fileRef = 4EC52AE62C9D36F4007E07D6 /* ImageLoader.swift */; };
		4EC52AE92CA0F53A007E07D6 /* StateViewController+Delegate.swift in Sources */ = {isa = PBXBuildFile; fileRef = 4EC52AE82CA0F53A007E07D6 /* StateViewController+Delegate.swift */; };
		4EC52AEB2CA11594007E07D6 /* DateAndTimeViewController+Delegate.swift in Sources */ = {isa = PBXBuildFile; fileRef = 4EC52AEA2CA11594007E07D6 /* DateAndTimeViewController+Delegate.swift */; };
		4EC52AED2CA1352F007E07D6 /* CollectionViewController.swift in Sources */ = {isa = PBXBuildFile; fileRef = 4EC52AEC2CA1352F007E07D6 /* CollectionViewController.swift */; };
		4EC52AEF2CA1359F007E07D6 /* CollectionViewController+DataSource.swift in Sources */ = {isa = PBXBuildFile; fileRef = 4EC52AEE2CA1359F007E07D6 /* CollectionViewController+DataSource.swift */; };
		4EC52AF12CA13728007E07D6 /* GridTextCell.swift in Sources */ = {isa = PBXBuildFile; fileRef = 4EC52AF02CA13728007E07D6 /* GridTextCell.swift */; };
		4EC52AF32CA138D3007E07D6 /* TitleSupplementaryView.swift in Sources */ = {isa = PBXBuildFile; fileRef = 4EC52AF22CA138D3007E07D6 /* TitleSupplementaryView.swift */; };
		4EC52AF52CA13925007E07D6 /* View+Constraints.swift in Sources */ = {isa = PBXBuildFile; fileRef = 4EC52AF42CA13925007E07D6 /* View+Constraints.swift */; };
		4EC52AF72CA13A51007E07D6 /* CollectionView+ListLayout.swift in Sources */ = {isa = PBXBuildFile; fileRef = 4EC52AF62CA13A51007E07D6 /* CollectionView+ListLayout.swift */; };
		4EC52AF92CA13F3E007E07D6 /* CollectionViewController+Type.swift in Sources */ = {isa = PBXBuildFile; fileRef = 4EC52AF82CA13F3E007E07D6 /* CollectionViewController+Type.swift */; };
		4EC52AFC2CA144D5007E07D6 /* TableViewController.swift in Sources */ = {isa = PBXBuildFile; fileRef = 4EC52AFB2CA144D5007E07D6 /* TableViewController.swift */; };
		4EC52AFE2CA145C0007E07D6 /* TableViewController+DataSource.swift in Sources */ = {isa = PBXBuildFile; fileRef = 4EC52AFD2CA145C0007E07D6 /* TableViewController+DataSource.swift */; };
		4EC52B002CA14976007E07D6 /* TableViewController+Delegate.swift in Sources */ = {isa = PBXBuildFile; fileRef = 4EC52AFF2CA14976007E07D6 /* TableViewController+Delegate.swift */; };
		4EC52B062CA16CF5007E07D6 /* PageViewController+DataSource.swift in Sources */ = {isa = PBXBuildFile; fileRef = 4EC52B052CA16CF5007E07D6 /* PageViewController+DataSource.swift */; };
		4EC52B092CA16D95007E07D6 /* PageViewController.swift in Sources */ = {isa = PBXBuildFile; fileRef = 4EC52B082CA16D95007E07D6 /* PageViewController.swift */; };
		4EC52B0C2CA19D57007E07D6 /* PresentationAndMenuViewController.swift in Sources */ = {isa = PBXBuildFile; fileRef = 4EC52B0B2CA19D57007E07D6 /* PresentationAndMenuViewController.swift */; };
		4EC52B0E2CA1A5A9007E07D6 /* PresentationAndMenuViewController+Action.swift in Sources */ = {isa = PBXBuildFile; fileRef = 4EC52B0D2CA1A5A9007E07D6 /* PresentationAndMenuViewController+Action.swift */; };
		4EC52B142CA1ABC0007E07D6 /* Book.swift in Sources */ = {isa = PBXBuildFile; fileRef = 4EC52B132CA1ABC0007E07D6 /* Book.swift */; };
		4ECD49782C8E9B6000F3BEC7 /* AppDelegate.swift in Sources */ = {isa = PBXBuildFile; fileRef = 4ECD49772C8E9B6000F3BEC7 /* AppDelegate.swift */; };
		4ECD497A2C8E9B6000F3BEC7 /* SceneDelegate.swift in Sources */ = {isa = PBXBuildFile; fileRef = 4ECD49792C8E9B6000F3BEC7 /* SceneDelegate.swift */; };
		4ECD49812C8E9B6200F3BEC7 /* Assets.xcassets in Resources */ = {isa = PBXBuildFile; fileRef = 4ECD49802C8E9B6200F3BEC7 /* Assets.xcassets */; };
		4ECD49842C8E9B6200F3BEC7 /* Base in Resources */ = {isa = PBXBuildFile; fileRef = 4ECD49832C8E9B6200F3BEC7 /* Base */; };
		4ECD498E2C8ECBDD00F3BEC7 /* ButtonAndSliderViewController.swift in Sources */ = {isa = PBXBuildFile; fileRef = 4ECD498D2C8ECBDD00F3BEC7 /* ButtonAndSliderViewController.swift */; };
		4ED71CE52CA6392F00A1A724 /* AccessibilityListCell.swift in Sources */ = {isa = PBXBuildFile; fileRef = 4ED71CE42CA6392F00A1A724 /* AccessibilityListCell.swift */; };
		4EEEE6132CC0D9B500FCF08B /* ChartCollectionListCell.swift in Sources */ = {isa = PBXBuildFile; fileRef = 4EEEE6122CC0D9B500FCF08B /* ChartCollectionListCell.swift */; };
		4EEEE6172CC0DC2500FCF08B /* LatestCollectionListCell.swift in Sources */ = {isa = PBXBuildFile; fileRef = 4EEEE6162CC0DC2500FCF08B /* LatestCollectionListCell.swift */; };
		4EF982152C93E4DF00809294 /* AlertViewController.swift in Sources */ = {isa = PBXBuildFile; fileRef = 4EF982142C93E4DF00809294 /* AlertViewController.swift */; };
		4EF982172C93FCDC00809294 /* AlertViewController+Action.swift in Sources */ = {isa = PBXBuildFile; fileRef = 4EF982162C93FCDC00809294 /* AlertViewController+Action.swift */; };
/* End PBXBuildFile section */

/* Begin PBXFileReference section */
		144564212CBB932B0097DF89 /* MelonChartNavigationViewController.swift */ = {isa = PBXFileReference; lastKnownFileType = sourcecode.swift; path = MelonChartNavigationViewController.swift; sourceTree = "<group>"; };
		144564232CBB941B0097DF89 /* MelonChartNavigationViewController+ListLayout.swift */ = {isa = PBXFileReference; lastKnownFileType = sourcecode.swift; path = "MelonChartNavigationViewController+ListLayout.swift"; sourceTree = "<group>"; };
		144564252CBB959F0097DF89 /* MelonChartNavigationViewController+Type.swift */ = {isa = PBXFileReference; lastKnownFileType = sourcecode.swift; path = "MelonChartNavigationViewController+Type.swift"; sourceTree = "<group>"; };
		144564272CBB98720097DF89 /* MelonChartNavigationViewController+DataSource.swift */ = {isa = PBXFileReference; lastKnownFileType = sourcecode.swift; path = "MelonChartNavigationViewController+DataSource.swift"; sourceTree = "<group>"; };
		144564292CBC00AA0097DF89 /* MelonChartNavigationViewControllerWithAccessibility.swift */ = {isa = PBXFileReference; lastKnownFileType = sourcecode.swift; path = MelonChartNavigationViewControllerWithAccessibility.swift; sourceTree = "<group>"; };
		1445642B2CBC00B90097DF89 /* MelonChartNavigationViewControllerWithAccessibility+DataSource.swift */ = {isa = PBXFileReference; lastKnownFileType = sourcecode.swift; path = "MelonChartNavigationViewControllerWithAccessibility+DataSource.swift"; sourceTree = "<group>"; };
		1445642D2CBC00DF0097DF89 /* MelonChartNavigationViewControllerWithAccessibility+ListLayout.swift */ = {isa = PBXFileReference; lastKnownFileType = sourcecode.swift; path = "MelonChartNavigationViewControllerWithAccessibility+ListLayout.swift"; sourceTree = "<group>"; };
		1445642F2CBC00E90097DF89 /* MelonChartNavigationViewControllerWithAccessibility+Type.swift */ = {isa = PBXFileReference; lastKnownFileType = sourcecode.swift; path = "MelonChartNavigationViewControllerWithAccessibility+Type.swift"; sourceTree = "<group>"; };
		144FC6EC2CBCB0FF00CC75FE /* MelonChartNavigationViewControllerWithAccessibility+Delegate.swift */ = {isa = PBXFileReference; lastKnownFileType = sourcecode.swift; path = "MelonChartNavigationViewControllerWithAccessibility+Delegate.swift"; sourceTree = "<group>"; };
		144FC6EE2CBCB1E800CC75FE /* MelonChartNavigationViewControllerWithAccessibility+Action.swift */ = {isa = PBXFileReference; lastKnownFileType = sourcecode.swift; path = "MelonChartNavigationViewControllerWithAccessibility+Action.swift"; sourceTree = "<group>"; };
		144FC6F22CBCBDAB00CC75FE /* GridTextCellWithAccessibility.swift */ = {isa = PBXFileReference; lastKnownFileType = sourcecode.swift; path = GridTextCellWithAccessibility.swift; sourceTree = "<group>"; };
		144FC6F42CBCD87300CC75FE /* BorderedListCell.swift */ = {isa = PBXFileReference; lastKnownFileType = sourcecode.swift; path = BorderedListCell.swift; sourceTree = "<group>"; };
		144FC6F62CBCDAB100CC75FE /* AdjustableForAccessibility.swift */ = {isa = PBXFileReference; lastKnownFileType = sourcecode.swift; path = AdjustableForAccessibility.swift; sourceTree = "<group>"; };
		144FC6F92CBCE8B000CC75FE /* TodayCollectionListCell.swift */ = {isa = PBXFileReference; lastKnownFileType = sourcecode.swift; path = TodayCollectionListCell.swift; sourceTree = "<group>"; };
		14852BE22CC1FA0D00F53857 /* NewsListViewControllerWithAccessibility+DataSource.swift */ = {isa = PBXFileReference; lastKnownFileType = sourcecode.swift; path = "NewsListViewControllerWithAccessibility+DataSource.swift"; sourceTree = "<group>"; };
		14852BE42CC1FA4800F53857 /* NewsListViewControllerWithAccessibility+Delegate.swift */ = {isa = PBXFileReference; lastKnownFileType = sourcecode.swift; path = "NewsListViewControllerWithAccessibility+Delegate.swift"; sourceTree = "<group>"; };
		14852BE62CC20B4300F53857 /* ButtonTraitsTableCell.swift */ = {isa = PBXFileReference; lastKnownFileType = sourcecode.swift; path = ButtonTraitsTableCell.swift; sourceTree = "<group>"; };
		14852BEA2CC227DE00F53857 /* MelonListCell.swift */ = {isa = PBXFileReference; lastKnownFileType = sourcecode.swift; path = MelonListCell.swift; sourceTree = "<group>"; };
		14852BEC2CC22CD500F53857 /* MusicGroupView.swift */ = {isa = PBXFileReference; lastKnownFileType = sourcecode.swift; path = MusicGroupView.swift; sourceTree = "<group>"; };
		14852BEE2CC232AF00F53857 /* MelonChartNavigationViewController+Action.swift */ = {isa = PBXFileReference; lastKnownFileType = sourcecode.swift; path = "MelonChartNavigationViewController+Action.swift"; sourceTree = "<group>"; };
		14852BF02CC2384F00F53857 /* MelonListCellWithAccessibility.swift */ = {isa = PBXFileReference; lastKnownFileType = sourcecode.swift; path = MelonListCellWithAccessibility.swift; sourceTree = "<group>"; };
		1488352D2CC50B0B0015EA41 /* ButtonTraitsCollectionListCell.swift */ = {isa = PBXFileReference; lastKnownFileType = sourcecode.swift; path = ButtonTraitsCollectionListCell.swift; sourceTree = "<group>"; };
		148835302CC50FBA0015EA41 /* CollectionWithAccessibilityViewController.swift */ = {isa = PBXFileReference; lastKnownFileType = sourcecode.swift; path = CollectionWithAccessibilityViewController.swift; sourceTree = "<group>"; };
		148835322CC50FF30015EA41 /* CollectionWithAccessibilityViewController+DataSource.swift */ = {isa = PBXFileReference; lastKnownFileType = sourcecode.swift; path = "CollectionWithAccessibilityViewController+DataSource.swift"; sourceTree = "<group>"; };
		148835342CC5104D0015EA41 /* CollectionWithAccessibilityViewController+ListLayout.swift */ = {isa = PBXFileReference; lastKnownFileType = sourcecode.swift; path = "CollectionWithAccessibilityViewController+ListLayout.swift"; sourceTree = "<group>"; };
		148835362CC5106C0015EA41 /* CollectionWithAccessibilityViewController+Type.swift */ = {isa = PBXFileReference; lastKnownFileType = sourcecode.swift; path = "CollectionWithAccessibilityViewController+Type.swift"; sourceTree = "<group>"; };
		148835392CC513BD0015EA41 /* TableWithAccessibilityViewController.swift */ = {isa = PBXFileReference; lastKnownFileType = sourcecode.swift; path = TableWithAccessibilityViewController.swift; sourceTree = "<group>"; };
		1488353B2CC513E40015EA41 /* TableWithAccessibilityViewController+DataSource.swift */ = {isa = PBXFileReference; lastKnownFileType = sourcecode.swift; path = "TableWithAccessibilityViewController+DataSource.swift"; sourceTree = "<group>"; };
		1488353D2CC513EE0015EA41 /* TableWithAccessibilityViewController+Delegate.swift */ = {isa = PBXFileReference; lastKnownFileType = sourcecode.swift; path = "TableWithAccessibilityViewController+Delegate.swift"; sourceTree = "<group>"; };
		149991AE2CCB2D8F0036BE94 /* RecentEmptyListCell.swift */ = {isa = PBXFileReference; lastKnownFileType = sourcecode.swift; path = RecentEmptyListCell.swift; sourceTree = "<group>"; };
		14B1303B2CAED6D500877314 /* GrabberView.swift */ = {isa = PBXFileReference; fileEncoding = 4; lastKnownFileType = sourcecode.swift; path = GrabberView.swift; sourceTree = "<group>"; };
		14F7FC3A2CB2AC4D00F3FA61 /* PageDetailViewController.swift */ = {isa = PBXFileReference; lastKnownFileType = sourcecode.swift; path = PageDetailViewController.swift; sourceTree = "<group>"; };
		14F7FC3D2CB2C8C200F3FA61 /* SearchViewControllerWithAccessibility.swift */ = {isa = PBXFileReference; lastKnownFileType = sourcecode.swift; path = SearchViewControllerWithAccessibility.swift; sourceTree = "<group>"; };
		14F7FC3F2CB2C8D300F3FA61 /* SearchViewControllerWithAccessibility+DataSource.swift */ = {isa = PBXFileReference; lastKnownFileType = sourcecode.swift; path = "SearchViewControllerWithAccessibility+DataSource.swift"; sourceTree = "<group>"; };
		14F7FC412CB2C8DC00F3FA61 /* SearchViewControllerWithAccessibility+Delegate.swift */ = {isa = PBXFileReference; lastKnownFileType = sourcecode.swift; path = "SearchViewControllerWithAccessibility+Delegate.swift"; sourceTree = "<group>"; };
		14F7FC432CB2C8EC00F3FA61 /* SearchViewControllerWithAccessibility+Updating.swift */ = {isa = PBXFileReference; lastKnownFileType = sourcecode.swift; path = "SearchViewControllerWithAccessibility+Updating.swift"; sourceTree = "<group>"; };
		14F7FC462CB2CF6C00F3FA61 /* PageViewControllerWithAccessibility.swift */ = {isa = PBXFileReference; lastKnownFileType = sourcecode.swift; path = PageViewControllerWithAccessibility.swift; sourceTree = "<group>"; };
		14F7FC482CB2D28100F3FA61 /* PageViewControllerWithAccessibility+DataSource.swift */ = {isa = PBXFileReference; lastKnownFileType = sourcecode.swift; path = "PageViewControllerWithAccessibility+DataSource.swift"; sourceTree = "<group>"; };
		4E0925182CA4EC5D00474A16 /* WiFi.swift */ = {isa = PBXFileReference; lastKnownFileType = sourcecode.swift; path = WiFi.swift; sourceTree = "<group>"; };
		4E0AB03E2C9BAB9700B8A89C /* Detail.swift */ = {isa = PBXFileReference; lastKnownFileType = sourcecode.swift; path = Detail.swift; sourceTree = "<group>"; };
		4E0AB0442C9BC9CE00B8A89C /* ComponentBoxView.swift */ = {isa = PBXFileReference; lastKnownFileType = sourcecode.swift; path = ComponentBoxView.swift; sourceTree = "<group>"; };
		4E0AB0462C9BD22200B8A89C /* DefaultTextField.swift */ = {isa = PBXFileReference; lastKnownFileType = sourcecode.swift; path = DefaultTextField.swift; sourceTree = "<group>"; };
		4E0AB0482C9BDD9900B8A89C /* TextViewController.swift */ = {isa = PBXFileReference; lastKnownFileType = sourcecode.swift; path = TextViewController.swift; sourceTree = "<group>"; };
		4E0AB04F2C9BEF2800B8A89C /* SearchViewController.swift */ = {isa = PBXFileReference; lastKnownFileType = sourcecode.swift; path = SearchViewController.swift; sourceTree = "<group>"; };
		4E0AB0512C9BF02500B8A89C /* SearchViewController+DataSource.swift */ = {isa = PBXFileReference; lastKnownFileType = sourcecode.swift; path = "SearchViewController+DataSource.swift"; sourceTree = "<group>"; };
		4E0AB0532C9BF19C00B8A89C /* SearchViewController+Delegate.swift */ = {isa = PBXFileReference; lastKnownFileType = sourcecode.swift; path = "SearchViewController+Delegate.swift"; sourceTree = "<group>"; };
		4E12CE482CA244BC004DF1EA /* DefaultViewController.swift */ = {isa = PBXFileReference; lastKnownFileType = sourcecode.swift; path = DefaultViewController.swift; sourceTree = "<group>"; };
		4E12CE4A2CA2482F004DF1EA /* Titleable.swift */ = {isa = PBXFileReference; lastKnownFileType = sourcecode.swift; path = Titleable.swift; sourceTree = "<group>"; };
		4E12CE4C2CA27BD4004DF1EA /* DefaultWithScrollViewController.swift */ = {isa = PBXFileReference; lastKnownFileType = sourcecode.swift; path = DefaultWithScrollViewController.swift; sourceTree = "<group>"; };
		4E1BC4F62CAF7244001A29D5 /* SearchViewController+Updating.swift */ = {isa = PBXFileReference; lastKnownFileType = sourcecode.swift; path = "SearchViewController+Updating.swift"; sourceTree = "<group>"; };
		4E1BC4F82CAF87F9001A29D5 /* UIAccessibility+Focus.swift */ = {isa = PBXFileReference; lastKnownFileType = sourcecode.swift; path = "UIAccessibility+Focus.swift"; sourceTree = "<group>"; };
		4E285DBE2C8FE947007F286C /* ButtonAndSliderViewController+Action.swift */ = {isa = PBXFileReference; lastKnownFileType = sourcecode.swift; path = "ButtonAndSliderViewController+Action.swift"; sourceTree = "<group>"; };
		4E285DC42C901C68007F286C /* StateViewController.swift */ = {isa = PBXFileReference; lastKnownFileType = sourcecode.swift; path = StateViewController.swift; sourceTree = "<group>"; };
		4E31E0EF2C927024004C4979 /* DateFormatterManager.swift */ = {isa = PBXFileReference; lastKnownFileType = sourcecode.swift; path = DateFormatterManager.swift; sourceTree = "<group>"; };
		4E31E0F22C927621004C4979 /* DateAndTimeViewController+Action.swift */ = {isa = PBXFileReference; lastKnownFileType = sourcecode.swift; path = "DateAndTimeViewController+Action.swift"; sourceTree = "<group>"; };
		4E5076932CC8C5E0006A84D7 /* RecentSearchViewController.swift */ = {isa = PBXFileReference; lastKnownFileType = sourcecode.swift; path = RecentSearchViewController.swift; sourceTree = "<group>"; };
		4E5076952CC8C76E006A84D7 /* RecentSearchViewController+DataSource.swift */ = {isa = PBXFileReference; lastKnownFileType = sourcecode.swift; path = "RecentSearchViewController+DataSource.swift"; sourceTree = "<group>"; };
		4E5076972CC8C77A006A84D7 /* RecentSearchViewController+Delegate.swift */ = {isa = PBXFileReference; lastKnownFileType = sourcecode.swift; path = "RecentSearchViewController+Delegate.swift"; sourceTree = "<group>"; };
		4E5076992CC8C791006A84D7 /* RecentSearchViewController+Updating.swift */ = {isa = PBXFileReference; lastKnownFileType = sourcecode.swift; path = "RecentSearchViewController+Updating.swift"; sourceTree = "<group>"; };
		4E612E522CB4BB09004FAFA0 /* DynamicTypeable.swift */ = {isa = PBXFileReference; lastKnownFileType = sourcecode.swift; path = DynamicTypeable.swift; sourceTree = "<group>"; };
		4E612E542CB502E9004FAFA0 /* PublicHoliday.swift */ = {isa = PBXFileReference; lastKnownFileType = sourcecode.swift; path = PublicHoliday.swift; sourceTree = "<group>"; };
		4E855F532CACE15C008CDB3B /* DefaultCollectionViewController.swift */ = {isa = PBXFileReference; lastKnownFileType = sourcecode.swift; path = DefaultCollectionViewController.swift; sourceTree = "<group>"; };
		4E855F552CACE184008CDB3B /* DefaultCollectionViewController+DataSource.swift */ = {isa = PBXFileReference; lastKnownFileType = sourcecode.swift; path = "DefaultCollectionViewController+DataSource.swift"; sourceTree = "<group>"; };
		4E855F572CACE1C0008CDB3B /* DefaultCollectionViewController+ListLayout.swift */ = {isa = PBXFileReference; lastKnownFileType = sourcecode.swift; path = "DefaultCollectionViewController+ListLayout.swift"; sourceTree = "<group>"; };
		4E855F592CACE209008CDB3B /* DefaultCollectionViewController+Type.swift */ = {isa = PBXFileReference; lastKnownFileType = sourcecode.swift; path = "DefaultCollectionViewController+Type.swift"; sourceTree = "<group>"; };
		4E855F5B2CACF378008CDB3B /* DefaultListCell.swift */ = {isa = PBXFileReference; lastKnownFileType = sourcecode.swift; path = DefaultListCell.swift; sourceTree = "<group>"; };
		4EB122F72CB7679300D771D3 /* NewsListViewController.swift */ = {isa = PBXFileReference; lastKnownFileType = sourcecode.swift; path = NewsListViewController.swift; sourceTree = "<group>"; };
		4EB122F92CB7694300D771D3 /* NewsListCell.swift */ = {isa = PBXFileReference; lastKnownFileType = sourcecode.swift; path = NewsListCell.swift; sourceTree = "<group>"; };
		4EB122FB2CB7821A00D771D3 /* News.swift */ = {isa = PBXFileReference; lastKnownFileType = sourcecode.swift; path = News.swift; sourceTree = "<group>"; };
		4EB122FF2CB793B100D771D3 /* ButtonSupplementaryView.swift */ = {isa = PBXFileReference; lastKnownFileType = sourcecode.swift; path = ButtonSupplementaryView.swift; sourceTree = "<group>"; };
		4EB123012CB7A71300D771D3 /* Pagable.swift */ = {isa = PBXFileReference; lastKnownFileType = sourcecode.swift; path = Pagable.swift; sourceTree = "<group>"; };
		4EB123032CB7B0C300D771D3 /* NewsListViewControllerWithAccessibility.swift */ = {isa = PBXFileReference; lastKnownFileType = sourcecode.swift; path = NewsListViewControllerWithAccessibility.swift; sourceTree = "<group>"; };
		4EB123052CB7B57900D771D3 /* NewsListCellWithAccessibility.swift */ = {isa = PBXFileReference; lastKnownFileType = sourcecode.swift; path = NewsListCellWithAccessibility.swift; sourceTree = "<group>"; };
		4EBB491A2CA3D63C006FD702 /* TextViewController+Delegate.swift */ = {isa = PBXFileReference; lastKnownFileType = sourcecode.swift; path = "TextViewController+Delegate.swift"; sourceTree = "<group>"; };
		4EBB491C2CA3E014006FD702 /* ko */ = {isa = PBXFileReference; lastKnownFileType = text.plist.strings; name = ko; path = ko.lproj/LaunchScreen.strings; sourceTree = "<group>"; };
		4EC05A592CC9D0400062E0D0 /* RecentListCell.swift */ = {isa = PBXFileReference; lastKnownFileType = sourcecode.swift; path = RecentListCell.swift; sourceTree = "<group>"; };
		4EC05A5B2CC9D8EB0062E0D0 /* RecentSearchViewController+Type.swift */ = {isa = PBXFileReference; lastKnownFileType = sourcecode.swift; path = "RecentSearchViewController+Type.swift"; sourceTree = "<group>"; };
		4EC05A5F2CC9E70D0062E0D0 /* RecentSearchViewController+ListLayout.swift */ = {isa = PBXFileReference; lastKnownFileType = sourcecode.swift; path = "RecentSearchViewController+ListLayout.swift"; sourceTree = "<group>"; };
		4EC05A612CC9F33D0062E0D0 /* PreferredContentSizeManager.swift */ = {isa = PBXFileReference; lastKnownFileType = sourcecode.swift; path = PreferredContentSizeManager.swift; sourceTree = "<group>"; };
		4EC51C942C911B8500385BD0 /* StateViewController+Action.swift */ = {isa = PBXFileReference; lastKnownFileType = sourcecode.swift; path = "StateViewController+Action.swift"; sourceTree = "<group>"; };
		4EC51C962C91226300385BD0 /* OutlineViewController.swift */ = {isa = PBXFileReference; lastKnownFileType = sourcecode.swift; path = OutlineViewController.swift; sourceTree = "<group>"; };
		4EC51C992C9128C400385BD0 /* OutLineViewController+DataSource.swift */ = {isa = PBXFileReference; lastKnownFileType = sourcecode.swift; path = "OutLineViewController+DataSource.swift"; sourceTree = "<group>"; };
		4EC51C9B2C91295200385BD0 /* Outline.swift */ = {isa = PBXFileReference; lastKnownFileType = sourcecode.swift; path = Outline.swift; sourceTree = "<group>"; };
		4EC51C9E2C912AD800385BD0 /* OutLineViewController+Delegate.swift */ = {isa = PBXFileReference; lastKnownFileType = sourcecode.swift; path = "OutLineViewController+Delegate.swift"; sourceTree = "<group>"; };
		4EC51CA02C91597B00385BD0 /* DateAndTimeViewController.swift */ = {isa = PBXFileReference; lastKnownFileType = sourcecode.swift; path = DateAndTimeViewController.swift; sourceTree = "<group>"; };
		4EC52ADE2C9D157B007E07D6 /* SwitchViewController.swift */ = {isa = PBXFileReference; lastKnownFileType = sourcecode.swift; path = SwitchViewController.swift; sourceTree = "<group>"; };
		4EC52AE02C9D1590007E07D6 /* SwitchViewController+DataSource.swift */ = {isa = PBXFileReference; lastKnownFileType = sourcecode.swift; path = "SwitchViewController+DataSource.swift"; sourceTree = "<group>"; };
		4EC52AE22C9D19D8007E07D6 /* SwitchViewController+Action.swift */ = {isa = PBXFileReference; lastKnownFileType = sourcecode.swift; path = "SwitchViewController+Action.swift"; sourceTree = "<group>"; };
		4EC52AE62C9D36F4007E07D6 /* ImageLoader.swift */ = {isa = PBXFileReference; lastKnownFileType = sourcecode.swift; path = ImageLoader.swift; sourceTree = "<group>"; };
		4EC52AE82CA0F53A007E07D6 /* StateViewController+Delegate.swift */ = {isa = PBXFileReference; lastKnownFileType = sourcecode.swift; path = "StateViewController+Delegate.swift"; sourceTree = "<group>"; };
		4EC52AEA2CA11594007E07D6 /* DateAndTimeViewController+Delegate.swift */ = {isa = PBXFileReference; lastKnownFileType = sourcecode.swift; path = "DateAndTimeViewController+Delegate.swift"; sourceTree = "<group>"; };
		4EC52AEC2CA1352F007E07D6 /* CollectionViewController.swift */ = {isa = PBXFileReference; lastKnownFileType = sourcecode.swift; path = CollectionViewController.swift; sourceTree = "<group>"; };
		4EC52AEE2CA1359F007E07D6 /* CollectionViewController+DataSource.swift */ = {isa = PBXFileReference; lastKnownFileType = sourcecode.swift; path = "CollectionViewController+DataSource.swift"; sourceTree = "<group>"; };
		4EC52AF02CA13728007E07D6 /* GridTextCell.swift */ = {isa = PBXFileReference; lastKnownFileType = sourcecode.swift; path = GridTextCell.swift; sourceTree = "<group>"; };
		4EC52AF22CA138D3007E07D6 /* TitleSupplementaryView.swift */ = {isa = PBXFileReference; lastKnownFileType = sourcecode.swift; path = TitleSupplementaryView.swift; sourceTree = "<group>"; };
		4EC52AF42CA13925007E07D6 /* View+Constraints.swift */ = {isa = PBXFileReference; lastKnownFileType = sourcecode.swift; path = "View+Constraints.swift"; sourceTree = "<group>"; };
		4EC52AF62CA13A51007E07D6 /* CollectionView+ListLayout.swift */ = {isa = PBXFileReference; lastKnownFileType = sourcecode.swift; path = "CollectionView+ListLayout.swift"; sourceTree = "<group>"; };
		4EC52AF82CA13F3E007E07D6 /* CollectionViewController+Type.swift */ = {isa = PBXFileReference; lastKnownFileType = sourcecode.swift; path = "CollectionViewController+Type.swift"; sourceTree = "<group>"; };
		4EC52AFB2CA144D5007E07D6 /* TableViewController.swift */ = {isa = PBXFileReference; lastKnownFileType = sourcecode.swift; path = TableViewController.swift; sourceTree = "<group>"; };
		4EC52AFD2CA145C0007E07D6 /* TableViewController+DataSource.swift */ = {isa = PBXFileReference; lastKnownFileType = sourcecode.swift; path = "TableViewController+DataSource.swift"; sourceTree = "<group>"; };
		4EC52AFF2CA14976007E07D6 /* TableViewController+Delegate.swift */ = {isa = PBXFileReference; lastKnownFileType = sourcecode.swift; path = "TableViewController+Delegate.swift"; sourceTree = "<group>"; };
		4EC52B052CA16CF5007E07D6 /* PageViewController+DataSource.swift */ = {isa = PBXFileReference; lastKnownFileType = sourcecode.swift; path = "PageViewController+DataSource.swift"; sourceTree = "<group>"; };
		4EC52B082CA16D95007E07D6 /* PageViewController.swift */ = {isa = PBXFileReference; lastKnownFileType = sourcecode.swift; path = PageViewController.swift; sourceTree = "<group>"; };
		4EC52B0B2CA19D57007E07D6 /* PresentationAndMenuViewController.swift */ = {isa = PBXFileReference; lastKnownFileType = sourcecode.swift; path = PresentationAndMenuViewController.swift; sourceTree = "<group>"; };
		4EC52B0D2CA1A5A9007E07D6 /* PresentationAndMenuViewController+Action.swift */ = {isa = PBXFileReference; lastKnownFileType = sourcecode.swift; path = "PresentationAndMenuViewController+Action.swift"; sourceTree = "<group>"; };
		4EC52B132CA1ABC0007E07D6 /* Book.swift */ = {isa = PBXFileReference; lastKnownFileType = sourcecode.swift; path = Book.swift; sourceTree = "<group>"; };
		4ECD49742C8E9B6000F3BEC7 /* DefaultComponents-Accessibility.app */ = {isa = PBXFileReference; explicitFileType = wrapper.application; includeInIndex = 0; path = "DefaultComponents-Accessibility.app"; sourceTree = BUILT_PRODUCTS_DIR; };
		4ECD49772C8E9B6000F3BEC7 /* AppDelegate.swift */ = {isa = PBXFileReference; lastKnownFileType = sourcecode.swift; path = AppDelegate.swift; sourceTree = "<group>"; };
		4ECD49792C8E9B6000F3BEC7 /* SceneDelegate.swift */ = {isa = PBXFileReference; lastKnownFileType = sourcecode.swift; path = SceneDelegate.swift; sourceTree = "<group>"; };
		4ECD49802C8E9B6200F3BEC7 /* Assets.xcassets */ = {isa = PBXFileReference; lastKnownFileType = folder.assetcatalog; path = Assets.xcassets; sourceTree = "<group>"; };
		4ECD49832C8E9B6200F3BEC7 /* Base */ = {isa = PBXFileReference; lastKnownFileType = file.storyboard; name = Base; path = Base.lproj/LaunchScreen.storyboard; sourceTree = "<group>"; };
		4ECD49852C8E9B6200F3BEC7 /* Info.plist */ = {isa = PBXFileReference; lastKnownFileType = text.plist.xml; path = Info.plist; sourceTree = "<group>"; };
		4ECD498D2C8ECBDD00F3BEC7 /* ButtonAndSliderViewController.swift */ = {isa = PBXFileReference; lastKnownFileType = sourcecode.swift; path = ButtonAndSliderViewController.swift; sourceTree = "<group>"; };
		4ED71CE42CA6392F00A1A724 /* AccessibilityListCell.swift */ = {isa = PBXFileReference; lastKnownFileType = sourcecode.swift; path = AccessibilityListCell.swift; sourceTree = "<group>"; };
		4EEEE6122CC0D9B500FCF08B /* ChartCollectionListCell.swift */ = {isa = PBXFileReference; lastKnownFileType = sourcecode.swift; path = ChartCollectionListCell.swift; sourceTree = "<group>"; };
		4EEEE6162CC0DC2500FCF08B /* LatestCollectionListCell.swift */ = {isa = PBXFileReference; lastKnownFileType = sourcecode.swift; path = LatestCollectionListCell.swift; sourceTree = "<group>"; };
		4EF982142C93E4DF00809294 /* AlertViewController.swift */ = {isa = PBXFileReference; lastKnownFileType = sourcecode.swift; path = AlertViewController.swift; sourceTree = "<group>"; };
		4EF982162C93FCDC00809294 /* AlertViewController+Action.swift */ = {isa = PBXFileReference; lastKnownFileType = sourcecode.swift; path = "AlertViewController+Action.swift"; sourceTree = "<group>"; };
/* End PBXFileReference section */

/* Begin PBXFrameworksBuildPhase section */
		4ECD49712C8E9B6000F3BEC7 /* Frameworks */ = {
			isa = PBXFrameworksBuildPhase;
			buildActionMask = 2147483647;
			files = (
			);
			runOnlyForDeploymentPostprocessing = 0;
		};
/* End PBXFrameworksBuildPhase section */

/* Begin PBXGroup section */
		144564202CBB92DC0097DF89 /* MelonChartNavigationViewController */ = {
			isa = PBXGroup;
			children = (
				144564212CBB932B0097DF89 /* MelonChartNavigationViewController.swift */,
				144564272CBB98720097DF89 /* MelonChartNavigationViewController+DataSource.swift */,
				144564232CBB941B0097DF89 /* MelonChartNavigationViewController+ListLayout.swift */,
				144564252CBB959F0097DF89 /* MelonChartNavigationViewController+Type.swift */,
				14852BEE2CC232AF00F53857 /* MelonChartNavigationViewController+Action.swift */,
				14852BEA2CC227DE00F53857 /* MelonListCell.swift */,
				14852BEC2CC22CD500F53857 /* MusicGroupView.swift */,
			);
			path = MelonChartNavigationViewController;
			sourceTree = "<group>";
		};
		144564312CBC015B0097DF89 /* MelonChartNavigationViewControllerWithAccessibility */ = {
			isa = PBXGroup;
			children = (
				144564292CBC00AA0097DF89 /* MelonChartNavigationViewControllerWithAccessibility.swift */,
				1445642B2CBC00B90097DF89 /* MelonChartNavigationViewControllerWithAccessibility+DataSource.swift */,
				144FC6EC2CBCB0FF00CC75FE /* MelonChartNavigationViewControllerWithAccessibility+Delegate.swift */,
				144FC6EE2CBCB1E800CC75FE /* MelonChartNavigationViewControllerWithAccessibility+Action.swift */,
				1445642D2CBC00DF0097DF89 /* MelonChartNavigationViewControllerWithAccessibility+ListLayout.swift */,
				1445642F2CBC00E90097DF89 /* MelonChartNavigationViewControllerWithAccessibility+Type.swift */,
				144FC6F92CBCE8B000CC75FE /* TodayCollectionListCell.swift */,
				4EEEE6122CC0D9B500FCF08B /* ChartCollectionListCell.swift */,
				4EEEE6162CC0DC2500FCF08B /* LatestCollectionListCell.swift */,
				14852BF02CC2384F00F53857 /* MelonListCellWithAccessibility.swift */,
			);
			path = MelonChartNavigationViewControllerWithAccessibility;
			sourceTree = "<group>";
		};
		1488352F2CC50F870015EA41 /* CollectionWithAccessibilityViewController */ = {
			isa = PBXGroup;
			children = (
				148835302CC50FBA0015EA41 /* CollectionWithAccessibilityViewController.swift */,
				148835322CC50FF30015EA41 /* CollectionWithAccessibilityViewController+DataSource.swift */,
				148835342CC5104D0015EA41 /* CollectionWithAccessibilityViewController+ListLayout.swift */,
				148835362CC5106C0015EA41 /* CollectionWithAccessibilityViewController+Type.swift */,
			);
			path = CollectionWithAccessibilityViewController;
			sourceTree = "<group>";
		};
		148835382CC5138B0015EA41 /* TableWithAccessibilityViewController */ = {
			isa = PBXGroup;
			children = (
				148835392CC513BD0015EA41 /* TableWithAccessibilityViewController.swift */,
				1488353B2CC513E40015EA41 /* TableWithAccessibilityViewController+DataSource.swift */,
				1488353D2CC513EE0015EA41 /* TableWithAccessibilityViewController+Delegate.swift */,
			);
			path = TableWithAccessibilityViewController;
			sourceTree = "<group>";
		};
		14F7FC3C2CB2C89300F3FA61 /* SearchViewControllerWithAccessibility */ = {
			isa = PBXGroup;
			children = (
				14F7FC3D2CB2C8C200F3FA61 /* SearchViewControllerWithAccessibility.swift */,
				14F7FC3F2CB2C8D300F3FA61 /* SearchViewControllerWithAccessibility+DataSource.swift */,
				14F7FC412CB2C8DC00F3FA61 /* SearchViewControllerWithAccessibility+Delegate.swift */,
				14F7FC432CB2C8EC00F3FA61 /* SearchViewControllerWithAccessibility+Updating.swift */,
			);
			path = SearchViewControllerWithAccessibility;
			sourceTree = "<group>";
		};
		14F7FC452CB2CF3C00F3FA61 /* PageViewControllerWithAccessibility */ = {
			isa = PBXGroup;
			children = (
				14F7FC462CB2CF6C00F3FA61 /* PageViewControllerWithAccessibility.swift */,
				14F7FC482CB2D28100F3FA61 /* PageViewControllerWithAccessibility+DataSource.swift */,
			);
			path = PageViewControllerWithAccessibility;
			sourceTree = "<group>";
		};
		4E0AB04A2C9BE10200B8A89C /* Views */ = {
			isa = PBXGroup;
			children = (
				4E855F522CACE13D008CDB3B /* DefaultCollectionViewController */,
				4E0AB0442C9BC9CE00B8A89C /* ComponentBoxView.swift */,
				4E0AB0462C9BD22200B8A89C /* DefaultTextField.swift */,
				4EC52AF02CA13728007E07D6 /* GridTextCell.swift */,
				144FC6F42CBCD87300CC75FE /* BorderedListCell.swift */,
				144FC6F22CBCBDAB00CC75FE /* GridTextCellWithAccessibility.swift */,
				4EC52AF22CA138D3007E07D6 /* TitleSupplementaryView.swift */,
				4EC52AF42CA13925007E07D6 /* View+Constraints.swift */,
				4E12CE482CA244BC004DF1EA /* DefaultViewController.swift */,
				4E12CE4C2CA27BD4004DF1EA /* DefaultWithScrollViewController.swift */,
				4E855F5B2CACF378008CDB3B /* DefaultListCell.swift */,
				14B1303B2CAED6D500877314 /* GrabberView.swift */,
				4EB122FF2CB793B100D771D3 /* ButtonSupplementaryView.swift */,
				4E1BC4F82CAF87F9001A29D5 /* UIAccessibility+Focus.swift */,
				14852BE62CC20B4300F53857 /* ButtonTraitsTableCell.swift */,
				1488352D2CC50B0B0015EA41 /* ButtonTraitsCollectionListCell.swift */,
			);
			path = Views;
			sourceTree = "<group>";
		};
		4E0AB04B2C9BE1DA00B8A89C /* TextViewController */ = {
			isa = PBXGroup;
			children = (
				4E0AB0482C9BDD9900B8A89C /* TextViewController.swift */,
				4EBB491A2CA3D63C006FD702 /* TextViewController+Delegate.swift */,
			);
			path = TextViewController;
			sourceTree = "<group>";
		};
		4E0AB04C2C9BE1FB00B8A89C /* Text */ = {
			isa = PBXGroup;
			children = (
				4E0AB04B2C9BE1DA00B8A89C /* TextViewController */,
				4EC52AD72C9CFD8B007E07D6 /* SearchViewController */,
				14F7FC3C2CB2C89300F3FA61 /* SearchViewControllerWithAccessibility */,
				4E5076922CC8C5B7006A84D7 /* RecentSearchViewController */,
			);
			path = Text;
			sourceTree = "<group>";
		};
		4E12CE4E2CA28A5B004DF1EA /* Outline */ = {
			isa = PBXGroup;
			children = (
				4EC51C982C9128A900385BD0 /* OutlineViewController */,
			);
			path = Outline;
			sourceTree = "<group>";
		};
		4E12CE4F2CA28A7A004DF1EA /* Alert */ = {
			isa = PBXGroup;
			children = (
				4EF982182C9415B100809294 /* AlertViewController */,
			);
			path = Alert;
			sourceTree = "<group>";
		};
		4E12CE502CA28A8C004DF1EA /* Page */ = {
			isa = PBXGroup;
			children = (
				4EC52B0A2CA16DB8007E07D6 /* PageViewController */,
				14F7FC452CB2CF3C00F3FA61 /* PageViewControllerWithAccessibility */,
			);
			path = Page;
			sourceTree = "<group>";
		};
		4E12CE512CA28A95004DF1EA /* PresentationViewController */ = {
			isa = PBXGroup;
			children = (
				4EC52B0B2CA19D57007E07D6 /* PresentationAndMenuViewController.swift */,
				4EC52B0D2CA1A5A9007E07D6 /* PresentationAndMenuViewController+Action.swift */,
			);
			path = PresentationViewController;
			sourceTree = "<group>";
		};
		4E12CE522CA28AAF004DF1EA /* DateAndTimeViewController */ = {
			isa = PBXGroup;
			children = (
				4EC51CA02C91597B00385BD0 /* DateAndTimeViewController.swift */,
				4E31E0F22C927621004C4979 /* DateAndTimeViewController+Action.swift */,
				4EC52AEA2CA11594007E07D6 /* DateAndTimeViewController+Delegate.swift */,
			);
			path = DateAndTimeViewController;
			sourceTree = "<group>";
		};
		4E12CE532CA28ABD004DF1EA /* StateViewController */ = {
			isa = PBXGroup;
			children = (
				4E285DC42C901C68007F286C /* StateViewController.swift */,
				4EC51C942C911B8500385BD0 /* StateViewController+Action.swift */,
				4EC52AE82CA0F53A007E07D6 /* StateViewController+Delegate.swift */,
			);
			path = StateViewController;
			sourceTree = "<group>";
		};
		4E12CE542CA28B06004DF1EA /* Entities */ = {
			isa = PBXGroup;
			children = (
				4EC51C9B2C91295200385BD0 /* Outline.swift */,
				4E0AB03E2C9BAB9700B8A89C /* Detail.swift */,
				4EC52B132CA1ABC0007E07D6 /* Book.swift */,
				4E0925182CA4EC5D00474A16 /* WiFi.swift */,
				4E612E542CB502E9004FAFA0 /* PublicHoliday.swift */,
				4EB122FB2CB7821A00D771D3 /* News.swift */,
				4EB123012CB7A71300D771D3 /* Pagable.swift */,
			);
			path = Entities;
			sourceTree = "<group>";
		};
		4E12CE552CA28B11004DF1EA /* Protocols */ = {
			isa = PBXGroup;
			children = (
				4E12CE4A2CA2482F004DF1EA /* Titleable.swift */,
				4E612E522CB4BB09004FAFA0 /* DynamicTypeable.swift */,
				144FC6F62CBCDAB100CC75FE /* AdjustableForAccessibility.swift */,
			);
			path = Protocols;
			sourceTree = "<group>";
		};
		4E12CE562CA28B4B004DF1EA /* Managers */ = {
			isa = PBXGroup;
			children = (
				4E31E0EF2C927024004C4979 /* DateFormatterManager.swift */,
				4EC52AE62C9D36F4007E07D6 /* ImageLoader.swift */,
				4EC05A612CC9F33D0062E0D0 /* PreferredContentSizeManager.swift */,
			);
			path = Managers;
			sourceTree = "<group>";
		};
		4E1306B72CB8B5B400ABA955 /* NewsListViewController */ = {
			isa = PBXGroup;
			children = (
				4EB122F72CB7679300D771D3 /* NewsListViewController.swift */,
				4EB122F92CB7694300D771D3 /* NewsListCell.swift */,
			);
			path = NewsListViewController;
			sourceTree = "<group>";
		};
		4E1306B82CB8B5C600ABA955 /* NewListViewControllerWithAccessibility */ = {
			isa = PBXGroup;
			children = (
				4EB123032CB7B0C300D771D3 /* NewsListViewControllerWithAccessibility.swift */,
				14852BE22CC1FA0D00F53857 /* NewsListViewControllerWithAccessibility+DataSource.swift */,
				14852BE42CC1FA4800F53857 /* NewsListViewControllerWithAccessibility+Delegate.swift */,
				4EB123052CB7B57900D771D3 /* NewsListCellWithAccessibility.swift */,
			);
			path = NewListViewControllerWithAccessibility;
			sourceTree = "<group>";
		};
		4E285DBD2C8FE911007F286C /* Control */ = {
			isa = PBXGroup;
			children = (
				4EC52AE42C9D2017007E07D6 /* ButtonAndSliderViewController */,
				4EC52AE52C9D202D007E07D6 /* SwitchViewController */,
			);
			path = Control;
			sourceTree = "<group>";
		};
		4E31E0F12C9275B7004C4979 /* DateAndTime */ = {
			isa = PBXGroup;
			children = (
				4E12CE522CA28AAF004DF1EA /* DateAndTimeViewController */,
			);
			path = DateAndTime;
			sourceTree = "<group>";
		};
		4E5076922CC8C5B7006A84D7 /* RecentSearchViewController */ = {
			isa = PBXGroup;
			children = (
				4E5076932CC8C5E0006A84D7 /* RecentSearchViewController.swift */,
				4E5076952CC8C76E006A84D7 /* RecentSearchViewController+DataSource.swift */,
				4E5076972CC8C77A006A84D7 /* RecentSearchViewController+Delegate.swift */,
				4EC05A5F2CC9E70D0062E0D0 /* RecentSearchViewController+ListLayout.swift */,
				4E5076992CC8C791006A84D7 /* RecentSearchViewController+Updating.swift */,
				4EC05A5B2CC9D8EB0062E0D0 /* RecentSearchViewController+Type.swift */,
				4EC05A592CC9D0400062E0D0 /* RecentListCell.swift */,
				149991AE2CCB2D8F0036BE94 /* RecentEmptyListCell.swift */,
			);
			path = RecentSearchViewController;
			sourceTree = "<group>";
		};
		4E855F522CACE13D008CDB3B /* DefaultCollectionViewController */ = {
			isa = PBXGroup;
			children = (
				4E855F532CACE15C008CDB3B /* DefaultCollectionViewController.swift */,
				4E855F552CACE184008CDB3B /* DefaultCollectionViewController+DataSource.swift */,
				4E855F572CACE1C0008CDB3B /* DefaultCollectionViewController+ListLayout.swift */,
				4E855F592CACE209008CDB3B /* DefaultCollectionViewController+Type.swift */,
			);
			path = DefaultCollectionViewController;
			sourceTree = "<group>";
		};
		4EC51C932C911B4E00385BD0 /* State */ = {
			isa = PBXGroup;
			children = (
				4E12CE532CA28ABD004DF1EA /* StateViewController */,
			);
			path = State;
			sourceTree = "<group>";
		};
		4EC51C982C9128A900385BD0 /* OutlineViewController */ = {
			isa = PBXGroup;
			children = (
				4EC51C962C91226300385BD0 /* OutlineViewController.swift */,
				4EC51C992C9128C400385BD0 /* OutLineViewController+DataSource.swift */,
				4EC51C9E2C912AD800385BD0 /* OutLineViewController+Delegate.swift */,
			);
			path = OutlineViewController;
			sourceTree = "<group>";
		};
		4EC51C9D2C912A9100385BD0 /* Models */ = {
			isa = PBXGroup;
			children = (
				4E12CE542CA28B06004DF1EA /* Entities */,
				4E12CE552CA28B11004DF1EA /* Protocols */,
				4E12CE562CA28B4B004DF1EA /* Managers */,
			);
			path = Models;
			sourceTree = "<group>";
		};
		4EC52AD72C9CFD8B007E07D6 /* SearchViewController */ = {
			isa = PBXGroup;
			children = (
				4E0AB04F2C9BEF2800B8A89C /* SearchViewController.swift */,
				4E0AB0512C9BF02500B8A89C /* SearchViewController+DataSource.swift */,
				4E0AB0532C9BF19C00B8A89C /* SearchViewController+Delegate.swift */,
				4E1BC4F62CAF7244001A29D5 /* SearchViewController+Updating.swift */,
			);
			path = SearchViewController;
			sourceTree = "<group>";
		};
		4EC52AE42C9D2017007E07D6 /* ButtonAndSliderViewController */ = {
			isa = PBXGroup;
			children = (
				4ECD498D2C8ECBDD00F3BEC7 /* ButtonAndSliderViewController.swift */,
				4E285DBE2C8FE947007F286C /* ButtonAndSliderViewController+Action.swift */,
			);
			path = ButtonAndSliderViewController;
			sourceTree = "<group>";
		};
		4EC52AE52C9D202D007E07D6 /* SwitchViewController */ = {
			isa = PBXGroup;
			children = (
				4EC52ADE2C9D157B007E07D6 /* SwitchViewController.swift */,
				4EC52AE02C9D1590007E07D6 /* SwitchViewController+DataSource.swift */,
				4EC52AE22C9D19D8007E07D6 /* SwitchViewController+Action.swift */,
				4ED71CE42CA6392F00A1A724 /* AccessibilityListCell.swift */,
			);
			path = SwitchViewController;
			sourceTree = "<group>";
		};
		4EC52AFA2CA13FA4007E07D6 /* CollectionViewController */ = {
			isa = PBXGroup;
			children = (
				4EC52AEC2CA1352F007E07D6 /* CollectionViewController.swift */,
				4EC52AEE2CA1359F007E07D6 /* CollectionViewController+DataSource.swift */,
				4EC52AF62CA13A51007E07D6 /* CollectionView+ListLayout.swift */,
				4EC52AF82CA13F3E007E07D6 /* CollectionViewController+Type.swift */,
			);
			path = CollectionViewController;
			sourceTree = "<group>";
		};
		4EC52B012CA151D4007E07D6 /* TableViewController */ = {
			isa = PBXGroup;
			children = (
				4EC52AFB2CA144D5007E07D6 /* TableViewController.swift */,
				4EC52AFD2CA145C0007E07D6 /* TableViewController+DataSource.swift */,
				4EC52AFF2CA14976007E07D6 /* TableViewController+Delegate.swift */,
			);
			path = TableViewController;
			sourceTree = "<group>";
		};
		4EC52B022CA151E3007E07D6 /* List */ = {
			isa = PBXGroup;
			children = (
				4EC52AFA2CA13FA4007E07D6 /* CollectionViewController */,
				1488352F2CC50F870015EA41 /* CollectionWithAccessibilityViewController */,
				4EC52B012CA151D4007E07D6 /* TableViewController */,
				148835382CC5138B0015EA41 /* TableWithAccessibilityViewController */,
				4E1306B72CB8B5B400ABA955 /* NewsListViewController */,
				4E1306B82CB8B5C600ABA955 /* NewListViewControllerWithAccessibility */,
				144564202CBB92DC0097DF89 /* MelonChartNavigationViewController */,
				144564312CBC015B0097DF89 /* MelonChartNavigationViewControllerWithAccessibility */,
			);
			path = List;
			sourceTree = "<group>";
		};
		4EC52B0A2CA16DB8007E07D6 /* PageViewController */ = {
			isa = PBXGroup;
			children = (
				4EC52B082CA16D95007E07D6 /* PageViewController.swift */,
				4EC52B052CA16CF5007E07D6 /* PageViewController+DataSource.swift */,
				14F7FC3A2CB2AC4D00F3FA61 /* PageDetailViewController.swift */,
			);
			path = PageViewController;
			sourceTree = "<group>";
		};
		4EC52B152CA1B62D007E07D6 /* Sheet */ = {
			isa = PBXGroup;
			children = (
				4E12CE512CA28A95004DF1EA /* PresentationViewController */,
			);
			path = Sheet;
			sourceTree = "<group>";
		};
		4ECD496B2C8E9B6000F3BEC7 = {
			isa = PBXGroup;
			children = (
				4ECD49762C8E9B6000F3BEC7 /* DefaultComponents-Accessibility */,
				4ECD49752C8E9B6000F3BEC7 /* Products */,
			);
			sourceTree = "<group>";
		};
		4ECD49752C8E9B6000F3BEC7 /* Products */ = {
			isa = PBXGroup;
			children = (
				4ECD49742C8E9B6000F3BEC7 /* DefaultComponents-Accessibility.app */,
			);
			name = Products;
			sourceTree = "<group>";
		};
		4ECD49762C8E9B6000F3BEC7 /* DefaultComponents-Accessibility */ = {
			isa = PBXGroup;
			children = (
				4EC51C9D2C912A9100385BD0 /* Models */,
				4E12CE4E2CA28A5B004DF1EA /* Outline */,
				4E285DBD2C8FE911007F286C /* Control */,
				4E0AB04C2C9BE1FB00B8A89C /* Text */,
				4EC51C932C911B4E00385BD0 /* State */,
				4E31E0F12C9275B7004C4979 /* DateAndTime */,
				4EC52B022CA151E3007E07D6 /* List */,
				4E12CE4F2CA28A7A004DF1EA /* Alert */,
				4E12CE502CA28A8C004DF1EA /* Page */,
				4EC52B152CA1B62D007E07D6 /* Sheet */,
				4E0AB04A2C9BE10200B8A89C /* Views */,
				4ECD49772C8E9B6000F3BEC7 /* AppDelegate.swift */,
				4ECD49792C8E9B6000F3BEC7 /* SceneDelegate.swift */,
				4ECD49802C8E9B6200F3BEC7 /* Assets.xcassets */,
				4ECD49822C8E9B6200F3BEC7 /* LaunchScreen.storyboard */,
				4ECD49852C8E9B6200F3BEC7 /* Info.plist */,
			);
			path = "DefaultComponents-Accessibility";
			sourceTree = "<group>";
		};
		4EF982182C9415B100809294 /* AlertViewController */ = {
			isa = PBXGroup;
			children = (
				4EF982142C93E4DF00809294 /* AlertViewController.swift */,
				4EF982162C93FCDC00809294 /* AlertViewController+Action.swift */,
			);
			path = AlertViewController;
			sourceTree = "<group>";
		};
/* End PBXGroup section */

/* Begin PBXNativeTarget section */
		4ECD49732C8E9B6000F3BEC7 /* DefaultComponents-Accessibility */ = {
			isa = PBXNativeTarget;
			buildConfigurationList = 4ECD49882C8E9B6200F3BEC7 /* Build configuration list for PBXNativeTarget "DefaultComponents-Accessibility" */;
			buildPhases = (
				4ECD49702C8E9B6000F3BEC7 /* Sources */,
				4ECD49712C8E9B6000F3BEC7 /* Frameworks */,
				4ECD49722C8E9B6000F3BEC7 /* Resources */,
			);
			buildRules = (
			);
			dependencies = (
			);
			name = "DefaultComponents-Accessibility";
			productName = "DefaultComponents-Accessibility";
			productReference = 4ECD49742C8E9B6000F3BEC7 /* DefaultComponents-Accessibility.app */;
			productType = "com.apple.product-type.application";
		};
/* End PBXNativeTarget section */

/* Begin PBXProject section */
		4ECD496C2C8E9B6000F3BEC7 /* Project object */ = {
			isa = PBXProject;
			attributes = {
				BuildIndependentTargetsInParallel = 1;
				LastSwiftUpdateCheck = 1540;
				LastUpgradeCheck = 1540;
				TargetAttributes = {
					4ECD49732C8E9B6000F3BEC7 = {
						CreatedOnToolsVersion = 15.4;
					};
				};
			};
			buildConfigurationList = 4ECD496F2C8E9B6000F3BEC7 /* Build configuration list for PBXProject "DefaultComponents-Accessibility" */;
			compatibilityVersion = "Xcode 14.0";
			developmentRegion = ko;
			hasScannedForEncodings = 0;
			knownRegions = (
				Base,
				ko,
			);
			mainGroup = 4ECD496B2C8E9B6000F3BEC7;
			productRefGroup = 4ECD49752C8E9B6000F3BEC7 /* Products */;
			projectDirPath = "";
			projectRoot = "";
			targets = (
				4ECD49732C8E9B6000F3BEC7 /* DefaultComponents-Accessibility */,
			);
		};
/* End PBXProject section */

/* Begin PBXResourcesBuildPhase section */
		4ECD49722C8E9B6000F3BEC7 /* Resources */ = {
			isa = PBXResourcesBuildPhase;
			buildActionMask = 2147483647;
			files = (
				4ECD49812C8E9B6200F3BEC7 /* Assets.xcassets in Resources */,
				4ECD49842C8E9B6200F3BEC7 /* Base in Resources */,
			);
			runOnlyForDeploymentPostprocessing = 0;
		};
/* End PBXResourcesBuildPhase section */

/* Begin PBXSourcesBuildPhase section */
		4ECD49702C8E9B6000F3BEC7 /* Sources */ = {
			isa = PBXSourcesBuildPhase;
			buildActionMask = 2147483647;
			files = (
				144FC6F52CBCD87300CC75FE /* BorderedListCell.swift in Sources */,
				148835312CC50FBA0015EA41 /* CollectionWithAccessibilityViewController.swift in Sources */,
				144564282CBB98720097DF89 /* MelonChartNavigationViewController+DataSource.swift in Sources */,
				14852BEF2CC232AF00F53857 /* MelonChartNavigationViewController+Action.swift in Sources */,
				4EEEE6132CC0D9B500FCF08B /* ChartCollectionListCell.swift in Sources */,
				4E0AB03F2C9BAB9700B8A89C /* Detail.swift in Sources */,
				4E855F542CACE15C008CDB3B /* DefaultCollectionViewController.swift in Sources */,
				4E855F582CACE1C0008CDB3B /* DefaultCollectionViewController+ListLayout.swift in Sources */,
				4EC52AE92CA0F53A007E07D6 /* StateViewController+Delegate.swift in Sources */,
				14F7FC402CB2C8D300F3FA61 /* SearchViewControllerWithAccessibility+DataSource.swift in Sources */,
				14F7FC492CB2D28100F3FA61 /* PageViewControllerWithAccessibility+DataSource.swift in Sources */,
				4E31E0F02C927024004C4979 /* DateFormatterManager.swift in Sources */,
				4EC51C9A2C9128C400385BD0 /* OutLineViewController+DataSource.swift in Sources */,
				148835352CC5104D0015EA41 /* CollectionWithAccessibilityViewController+ListLayout.swift in Sources */,
				4EC52AE72C9D36F4007E07D6 /* ImageLoader.swift in Sources */,
				4EC52AEB2CA11594007E07D6 /* DateAndTimeViewController+Delegate.swift in Sources */,
				4EC52AEF2CA1359F007E07D6 /* CollectionViewController+DataSource.swift in Sources */,
				4E5076982CC8C77A006A84D7 /* RecentSearchViewController+Delegate.swift in Sources */,
				144564222CBB932B0097DF89 /* MelonChartNavigationViewController.swift in Sources */,
				14852BE52CC1FA4800F53857 /* NewsListViewControllerWithAccessibility+Delegate.swift in Sources */,
				4EC05A622CC9F33D0062E0D0 /* PreferredContentSizeManager.swift in Sources */,
				4E12CE4D2CA27BD4004DF1EA /* DefaultWithScrollViewController.swift in Sources */,
				4E285DC52C901C68007F286C /* StateViewController.swift in Sources */,
				4EC51C952C911B8500385BD0 /* StateViewController+Action.swift in Sources */,
				1445642C2CBC00B90097DF89 /* MelonChartNavigationViewControllerWithAccessibility+DataSource.swift in Sources */,
				4EC52B002CA14976007E07D6 /* TableViewController+Delegate.swift in Sources */,
				4EC51C972C91226300385BD0 /* OutlineViewController.swift in Sources */,
				14852BED2CC22CD500F53857 /* MusicGroupView.swift in Sources */,
				4EB123002CB793B100D771D3 /* ButtonSupplementaryView.swift in Sources */,
				14852BE32CC1FA0D00F53857 /* NewsListViewControllerWithAccessibility+DataSource.swift in Sources */,
				14852BF12CC2384F00F53857 /* MelonListCellWithAccessibility.swift in Sources */,
				4EC52AFE2CA145C0007E07D6 /* TableViewController+DataSource.swift in Sources */,
				1445642A2CBC00AA0097DF89 /* MelonChartNavigationViewControllerWithAccessibility.swift in Sources */,
				144FC6F72CBCDAB100CC75FE /* AdjustableForAccessibility.swift in Sources */,
				4EC05A602CC9E70D0062E0D0 /* RecentSearchViewController+ListLayout.swift in Sources */,
				4ED71CE52CA6392F00A1A724 /* AccessibilityListCell.swift in Sources */,
				4EC52AE12C9D1590007E07D6 /* SwitchViewController+DataSource.swift in Sources */,
				4E0AB0492C9BDD9900B8A89C /* TextViewController.swift in Sources */,
				4EB123022CB7A71300D771D3 /* Pagable.swift in Sources */,
				4E12CE492CA244BC004DF1EA /* DefaultViewController.swift in Sources */,
				4EC52AF32CA138D3007E07D6 /* TitleSupplementaryView.swift in Sources */,
				4E1BC4F92CAF87F9001A29D5 /* UIAccessibility+Focus.swift in Sources */,
				144FC6F32CBCBDAB00CC75FE /* GridTextCellWithAccessibility.swift in Sources */,
				144564302CBC00E90097DF89 /* MelonChartNavigationViewControllerWithAccessibility+Type.swift in Sources */,
				4EC52AF72CA13A51007E07D6 /* CollectionView+ListLayout.swift in Sources */,
				4EB122FC2CB7821A00D771D3 /* News.swift in Sources */,
				144564242CBB941B0097DF89 /* MelonChartNavigationViewController+ListLayout.swift in Sources */,
				4E31E0F32C927621004C4979 /* DateAndTimeViewController+Action.swift in Sources */,
				4ECD49782C8E9B6000F3BEC7 /* AppDelegate.swift in Sources */,
				4E0925192CA4EC5D00474A16 /* WiFi.swift in Sources */,
				1488353E2CC513EE0015EA41 /* TableWithAccessibilityViewController+Delegate.swift in Sources */,
				4EC52B0C2CA19D57007E07D6 /* PresentationAndMenuViewController.swift in Sources */,
				4E855F562CACE184008CDB3B /* DefaultCollectionViewController+DataSource.swift in Sources */,
				4E1BC4F72CAF7244001A29D5 /* SearchViewController+Updating.swift in Sources */,
				144FC6FA2CBCE8B000CC75FE /* TodayCollectionListCell.swift in Sources */,
				4E50769A2CC8C791006A84D7 /* RecentSearchViewController+Updating.swift in Sources */,
				4EB122FA2CB7694300D771D3 /* NewsListCell.swift in Sources */,
				1488353A2CC513BD0015EA41 /* TableWithAccessibilityViewController.swift in Sources */,
				14852BEB2CC227DE00F53857 /* MelonListCell.swift in Sources */,
				4E285DBF2C8FE947007F286C /* ButtonAndSliderViewController+Action.swift in Sources */,
				14F7FC422CB2C8DC00F3FA61 /* SearchViewControllerWithAccessibility+Delegate.swift in Sources */,
				4EC51C9F2C912AD800385BD0 /* OutLineViewController+Delegate.swift in Sources */,
				4EC52B0E2CA1A5A9007E07D6 /* PresentationAndMenuViewController+Action.swift in Sources */,
				144FC6EF2CBCB1E800CC75FE /* MelonChartNavigationViewControllerWithAccessibility+Action.swift in Sources */,
				4E0AB0522C9BF02500B8A89C /* SearchViewController+DataSource.swift in Sources */,
				4E0AB0542C9BF19C00B8A89C /* SearchViewController+Delegate.swift in Sources */,
				14F7FC442CB2C8EC00F3FA61 /* SearchViewControllerWithAccessibility+Updating.swift in Sources */,
				4E612E552CB502E9004FAFA0 /* PublicHoliday.swift in Sources */,
				4EC51C9C2C91295200385BD0 /* Outline.swift in Sources */,
				4EF982172C93FCDC00809294 /* AlertViewController+Action.swift in Sources */,
				4EB123042CB7B0C300D771D3 /* NewsListViewControllerWithAccessibility.swift in Sources */,
				148835332CC50FF30015EA41 /* CollectionWithAccessibilityViewController+DataSource.swift in Sources */,
				4E0AB0502C9BEF2800B8A89C /* SearchViewController.swift in Sources */,
				4E12CE4B2CA2482F004DF1EA /* Titleable.swift in Sources */,
				1488353C2CC513E40015EA41 /* TableWithAccessibilityViewController+DataSource.swift in Sources */,
				14F7FC3B2CB2AC4D00F3FA61 /* PageDetailViewController.swift in Sources */,
				4EEEE6172CC0DC2500FCF08B /* LatestCollectionListCell.swift in Sources */,
				14B1303C2CAED6D500877314 /* GrabberView.swift in Sources */,
				4EC52AF52CA13925007E07D6 /* View+Constraints.swift in Sources */,
				4EC52AE32C9D19D8007E07D6 /* SwitchViewController+Action.swift in Sources */,
				4E5076962CC8C76E006A84D7 /* RecentSearchViewController+DataSource.swift in Sources */,
				4ECD497A2C8E9B6000F3BEC7 /* SceneDelegate.swift in Sources */,
				4EC52AF92CA13F3E007E07D6 /* CollectionViewController+Type.swift in Sources */,
				4EC52AF12CA13728007E07D6 /* GridTextCell.swift in Sources */,
				4E0AB0472C9BD22200B8A89C /* DefaultTextField.swift in Sources */,
				149991AF2CCB2D8F0036BE94 /* RecentEmptyListCell.swift in Sources */,
				144564262CBB959F0097DF89 /* MelonChartNavigationViewController+Type.swift in Sources */,
				4EC52B092CA16D95007E07D6 /* PageViewController.swift in Sources */,
				4E5076942CC8C5E0006A84D7 /* RecentSearchViewController.swift in Sources */,
				4EC52AFC2CA144D5007E07D6 /* TableViewController.swift in Sources */,
				4EC05A5C2CC9D8EB0062E0D0 /* RecentSearchViewController+Type.swift in Sources */,
				4EC52B142CA1ABC0007E07D6 /* Book.swift in Sources */,
				4E612E532CB4BB09004FAFA0 /* DynamicTypeable.swift in Sources */,
				4EC52AED2CA1352F007E07D6 /* CollectionViewController.swift in Sources */,
				14F7FC472CB2CF6C00F3FA61 /* PageViewControllerWithAccessibility.swift in Sources */,
				4EF982152C93E4DF00809294 /* AlertViewController.swift in Sources */,
				4EC05A5A2CC9D0400062E0D0 /* RecentListCell.swift in Sources */,
				1445642E2CBC00DF0097DF89 /* MelonChartNavigationViewControllerWithAccessibility+ListLayout.swift in Sources */,
				148835372CC5106C0015EA41 /* CollectionWithAccessibilityViewController+Type.swift in Sources */,
				4E855F5C2CACF378008CDB3B /* DefaultListCell.swift in Sources */,
				144FC6ED2CBCB0FF00CC75FE /* MelonChartNavigationViewControllerWithAccessibility+Delegate.swift in Sources */,
				4E0AB0452C9BC9CE00B8A89C /* ComponentBoxView.swift in Sources */,
				4EB123062CB7B57900D771D3 /* NewsListCellWithAccessibility.swift in Sources */,
				4E855F5A2CACE209008CDB3B /* DefaultCollectionViewController+Type.swift in Sources */,
				4EBB491B2CA3D63C006FD702 /* TextViewController+Delegate.swift in Sources */,
				14852BE72CC20B4300F53857 /* ButtonTraitsTableCell.swift in Sources */,
				4EC52B062CA16CF5007E07D6 /* PageViewController+DataSource.swift in Sources */,
				4EB122F82CB7679300D771D3 /* NewsListViewController.swift in Sources */,
				4ECD498E2C8ECBDD00F3BEC7 /* ButtonAndSliderViewController.swift in Sources */,
				4EC52ADF2C9D157B007E07D6 /* SwitchViewController.swift in Sources */,
				4EC51CA12C91597B00385BD0 /* DateAndTimeViewController.swift in Sources */,
				14F7FC3E2CB2C8C200F3FA61 /* SearchViewControllerWithAccessibility.swift in Sources */,
				1488352E2CC50B0B0015EA41 /* ButtonTraitsCollectionListCell.swift in Sources */,
			);
			runOnlyForDeploymentPostprocessing = 0;
		};
/* End PBXSourcesBuildPhase section */

/* Begin PBXVariantGroup section */
		4ECD49822C8E9B6200F3BEC7 /* LaunchScreen.storyboard */ = {
			isa = PBXVariantGroup;
			children = (
				4ECD49832C8E9B6200F3BEC7 /* Base */,
				4EBB491C2CA3E014006FD702 /* ko */,
			);
			name = LaunchScreen.storyboard;
			sourceTree = "<group>";
		};
/* End PBXVariantGroup section */

/* Begin XCBuildConfiguration section */
		4ECD49862C8E9B6200F3BEC7 /* Debug */ = {
			isa = XCBuildConfiguration;
			buildSettings = {
				ALWAYS_SEARCH_USER_PATHS = NO;
				ASSETCATALOG_COMPILER_GENERATE_SWIFT_ASSET_SYMBOL_EXTENSIONS = YES;
				CLANG_ANALYZER_LOCALIZABILITY_NONLOCALIZED = YES;
				CLANG_ANALYZER_NONNULL = YES;
				CLANG_ANALYZER_NUMBER_OBJECT_CONVERSION = YES_AGGRESSIVE;
				CLANG_CXX_LANGUAGE_STANDARD = "gnu++20";
				CLANG_ENABLE_MODULES = YES;
				CLANG_ENABLE_OBJC_ARC = YES;
				CLANG_ENABLE_OBJC_WEAK = YES;
				CLANG_WARN_BLOCK_CAPTURE_AUTORELEASING = YES;
				CLANG_WARN_BOOL_CONVERSION = YES;
				CLANG_WARN_COMMA = YES;
				CLANG_WARN_CONSTANT_CONVERSION = YES;
				CLANG_WARN_DEPRECATED_OBJC_IMPLEMENTATIONS = YES;
				CLANG_WARN_DIRECT_OBJC_ISA_USAGE = YES_ERROR;
				CLANG_WARN_DOCUMENTATION_COMMENTS = YES;
				CLANG_WARN_EMPTY_BODY = YES;
				CLANG_WARN_ENUM_CONVERSION = YES;
				CLANG_WARN_INFINITE_RECURSION = YES;
				CLANG_WARN_INT_CONVERSION = YES;
				CLANG_WARN_NON_LITERAL_NULL_CONVERSION = YES;
				CLANG_WARN_OBJC_IMPLICIT_RETAIN_SELF = YES;
				CLANG_WARN_OBJC_LITERAL_CONVERSION = YES;
				CLANG_WARN_OBJC_ROOT_CLASS = YES_ERROR;
				CLANG_WARN_QUOTED_INCLUDE_IN_FRAMEWORK_HEADER = YES;
				CLANG_WARN_RANGE_LOOP_ANALYSIS = YES;
				CLANG_WARN_STRICT_PROTOTYPES = YES;
				CLANG_WARN_SUSPICIOUS_MOVE = YES;
				CLANG_WARN_UNGUARDED_AVAILABILITY = YES_AGGRESSIVE;
				CLANG_WARN_UNREACHABLE_CODE = YES;
				CLANG_WARN__DUPLICATE_METHOD_MATCH = YES;
				COPY_PHASE_STRIP = NO;
				DEBUG_INFORMATION_FORMAT = dwarf;
				ENABLE_STRICT_OBJC_MSGSEND = YES;
				ENABLE_TESTABILITY = YES;
				ENABLE_USER_SCRIPT_SANDBOXING = YES;
				GCC_C_LANGUAGE_STANDARD = gnu17;
				GCC_DYNAMIC_NO_PIC = NO;
				GCC_NO_COMMON_BLOCKS = YES;
				GCC_OPTIMIZATION_LEVEL = 0;
				GCC_PREPROCESSOR_DEFINITIONS = (
					"DEBUG=1",
					"$(inherited)",
				);
				GCC_WARN_64_TO_32_BIT_CONVERSION = YES;
				GCC_WARN_ABOUT_RETURN_TYPE = YES_ERROR;
				GCC_WARN_UNDECLARED_SELECTOR = YES;
				GCC_WARN_UNINITIALIZED_AUTOS = YES_AGGRESSIVE;
				GCC_WARN_UNUSED_FUNCTION = YES;
				GCC_WARN_UNUSED_VARIABLE = YES;
				IPHONEOS_DEPLOYMENT_TARGET = 17.5;
				LOCALIZATION_PREFERS_STRING_CATALOGS = YES;
				MTL_ENABLE_DEBUG_INFO = INCLUDE_SOURCE;
				MTL_FAST_MATH = YES;
				ONLY_ACTIVE_ARCH = YES;
				SDKROOT = iphoneos;
				SWIFT_ACTIVE_COMPILATION_CONDITIONS = "DEBUG $(inherited)";
				SWIFT_OPTIMIZATION_LEVEL = "-Onone";
			};
			name = Debug;
		};
		4ECD49872C8E9B6200F3BEC7 /* Release */ = {
			isa = XCBuildConfiguration;
			buildSettings = {
				ALWAYS_SEARCH_USER_PATHS = NO;
				ASSETCATALOG_COMPILER_GENERATE_SWIFT_ASSET_SYMBOL_EXTENSIONS = YES;
				CLANG_ANALYZER_LOCALIZABILITY_NONLOCALIZED = YES;
				CLANG_ANALYZER_NONNULL = YES;
				CLANG_ANALYZER_NUMBER_OBJECT_CONVERSION = YES_AGGRESSIVE;
				CLANG_CXX_LANGUAGE_STANDARD = "gnu++20";
				CLANG_ENABLE_MODULES = YES;
				CLANG_ENABLE_OBJC_ARC = YES;
				CLANG_ENABLE_OBJC_WEAK = YES;
				CLANG_WARN_BLOCK_CAPTURE_AUTORELEASING = YES;
				CLANG_WARN_BOOL_CONVERSION = YES;
				CLANG_WARN_COMMA = YES;
				CLANG_WARN_CONSTANT_CONVERSION = YES;
				CLANG_WARN_DEPRECATED_OBJC_IMPLEMENTATIONS = YES;
				CLANG_WARN_DIRECT_OBJC_ISA_USAGE = YES_ERROR;
				CLANG_WARN_DOCUMENTATION_COMMENTS = YES;
				CLANG_WARN_EMPTY_BODY = YES;
				CLANG_WARN_ENUM_CONVERSION = YES;
				CLANG_WARN_INFINITE_RECURSION = YES;
				CLANG_WARN_INT_CONVERSION = YES;
				CLANG_WARN_NON_LITERAL_NULL_CONVERSION = YES;
				CLANG_WARN_OBJC_IMPLICIT_RETAIN_SELF = YES;
				CLANG_WARN_OBJC_LITERAL_CONVERSION = YES;
				CLANG_WARN_OBJC_ROOT_CLASS = YES_ERROR;
				CLANG_WARN_QUOTED_INCLUDE_IN_FRAMEWORK_HEADER = YES;
				CLANG_WARN_RANGE_LOOP_ANALYSIS = YES;
				CLANG_WARN_STRICT_PROTOTYPES = YES;
				CLANG_WARN_SUSPICIOUS_MOVE = YES;
				CLANG_WARN_UNGUARDED_AVAILABILITY = YES_AGGRESSIVE;
				CLANG_WARN_UNREACHABLE_CODE = YES;
				CLANG_WARN__DUPLICATE_METHOD_MATCH = YES;
				COPY_PHASE_STRIP = NO;
				DEBUG_INFORMATION_FORMAT = "dwarf-with-dsym";
				ENABLE_NS_ASSERTIONS = NO;
				ENABLE_STRICT_OBJC_MSGSEND = YES;
				ENABLE_USER_SCRIPT_SANDBOXING = YES;
				GCC_C_LANGUAGE_STANDARD = gnu17;
				GCC_NO_COMMON_BLOCKS = YES;
				GCC_WARN_64_TO_32_BIT_CONVERSION = YES;
				GCC_WARN_ABOUT_RETURN_TYPE = YES_ERROR;
				GCC_WARN_UNDECLARED_SELECTOR = YES;
				GCC_WARN_UNINITIALIZED_AUTOS = YES_AGGRESSIVE;
				GCC_WARN_UNUSED_FUNCTION = YES;
				GCC_WARN_UNUSED_VARIABLE = YES;
				IPHONEOS_DEPLOYMENT_TARGET = 17.5;
				LOCALIZATION_PREFERS_STRING_CATALOGS = YES;
				MTL_ENABLE_DEBUG_INFO = NO;
				MTL_FAST_MATH = YES;
				SDKROOT = iphoneos;
				SWIFT_COMPILATION_MODE = wholemodule;
				VALIDATE_PRODUCT = YES;
			};
			name = Release;
		};
		4ECD49892C8E9B6200F3BEC7 /* Debug */ = {
			isa = XCBuildConfiguration;
			buildSettings = {
				ASSETCATALOG_COMPILER_APPICON_NAME = AppIcon;
				ASSETCATALOG_COMPILER_GLOBAL_ACCENT_COLOR_NAME = AccentColor;
				CODE_SIGN_STYLE = Automatic;
				CURRENT_PROJECT_VERSION = 1;
				DEVELOPMENT_TEAM = ZQV4ZDQNW5;
				GENERATE_INFOPLIST_FILE = YES;
				INFOPLIST_FILE = "DefaultComponents-Accessibility/Info.plist";
				INFOPLIST_KEY_UIApplicationSupportsIndirectInputEvents = YES;
				INFOPLIST_KEY_UILaunchStoryboardName = LaunchScreen;
				INFOPLIST_KEY_UIMainStoryboardFile = "";
				INFOPLIST_KEY_UISupportedInterfaceOrientations_iPad = "UIInterfaceOrientationPortrait UIInterfaceOrientationPortraitUpsideDown UIInterfaceOrientationLandscapeLeft UIInterfaceOrientationLandscapeRight";
				INFOPLIST_KEY_UISupportedInterfaceOrientations_iPhone = "UIInterfaceOrientationPortrait UIInterfaceOrientationLandscapeLeft UIInterfaceOrientationLandscapeRight";
				LD_RUNPATH_SEARCH_PATHS = (
					"$(inherited)",
					"@executable_path/Frameworks",
				);
				MARKETING_VERSION = 1.0;
				PRODUCT_BUNDLE_IDENTIFIER = "com.tistory.88yhtserof.DefaultComponents-Accessibility";
				PRODUCT_NAME = "$(TARGET_NAME)";
				SWIFT_EMIT_LOC_STRINGS = YES;
				SWIFT_VERSION = 5.0;
				TARGETED_DEVICE_FAMILY = "1,2";
			};
			name = Debug;
		};
		4ECD498A2C8E9B6200F3BEC7 /* Release */ = {
			isa = XCBuildConfiguration;
			buildSettings = {
				ASSETCATALOG_COMPILER_APPICON_NAME = AppIcon;
				ASSETCATALOG_COMPILER_GLOBAL_ACCENT_COLOR_NAME = AccentColor;
				CODE_SIGN_STYLE = Automatic;
				CURRENT_PROJECT_VERSION = 1;
				DEVELOPMENT_TEAM = ZQV4ZDQNW5;
				GENERATE_INFOPLIST_FILE = YES;
				INFOPLIST_FILE = "DefaultComponents-Accessibility/Info.plist";
				INFOPLIST_KEY_UIApplicationSupportsIndirectInputEvents = YES;
				INFOPLIST_KEY_UILaunchStoryboardName = LaunchScreen;
				INFOPLIST_KEY_UIMainStoryboardFile = "";
				INFOPLIST_KEY_UISupportedInterfaceOrientations_iPad = "UIInterfaceOrientationPortrait UIInterfaceOrientationPortraitUpsideDown UIInterfaceOrientationLandscapeLeft UIInterfaceOrientationLandscapeRight";
				INFOPLIST_KEY_UISupportedInterfaceOrientations_iPhone = "UIInterfaceOrientationPortrait UIInterfaceOrientationLandscapeLeft UIInterfaceOrientationLandscapeRight";
				LD_RUNPATH_SEARCH_PATHS = (
					"$(inherited)",
					"@executable_path/Frameworks",
				);
				MARKETING_VERSION = 1.0;
				PRODUCT_BUNDLE_IDENTIFIER = "com.tistory.88yhtserof.DefaultComponents-Accessibility";
				PRODUCT_NAME = "$(TARGET_NAME)";
				SWIFT_EMIT_LOC_STRINGS = YES;
				SWIFT_VERSION = 5.0;
				TARGETED_DEVICE_FAMILY = "1,2";
			};
			name = Release;
		};
/* End XCBuildConfiguration section */

/* Begin XCConfigurationList section */
		4ECD496F2C8E9B6000F3BEC7 /* Build configuration list for PBXProject "DefaultComponents-Accessibility" */ = {
			isa = XCConfigurationList;
			buildConfigurations = (
				4ECD49862C8E9B6200F3BEC7 /* Debug */,
				4ECD49872C8E9B6200F3BEC7 /* Release */,
			);
			defaultConfigurationIsVisible = 0;
			defaultConfigurationName = Release;
		};
		4ECD49882C8E9B6200F3BEC7 /* Build configuration list for PBXNativeTarget "DefaultComponents-Accessibility" */ = {
			isa = XCConfigurationList;
			buildConfigurations = (
				4ECD49892C8E9B6200F3BEC7 /* Debug */,
				4ECD498A2C8E9B6200F3BEC7 /* Release */,
			);
			defaultConfigurationIsVisible = 0;
			defaultConfigurationName = Release;
		};
/* End XCConfigurationList section */
	};
	rootObject = 4ECD496C2C8E9B6000F3BEC7 /* Project object */;
}
