// !$*UTF8*$!
{
	archiveVersion = 1;
	classes = {
	};
	objectVersion = 56;
	objects = {

/* Begin PBXBuildFile section */
		4E285DBF2C8FE947007F286C /* ButtonViewController+Action.swift in Sources */ = {isa = PBXBuildFile; fileRef = 4E285DBE2C8FE947007F286C /* ButtonViewController+Action.swift */; };
		4E285DC32C901405007F286C /* TextViewController+Action.swift in Sources */ = {isa = PBXBuildFile; fileRef = 4E285DC22C901405007F286C /* TextViewController+Action.swift */; };
		4E285DC52C901C68007F286C /* ActivityIndicatorWithSwitchViewController.swift in Sources */ = {isa = PBXBuildFile; fileRef = 4E285DC42C901C68007F286C /* ActivityIndicatorWithSwitchViewController.swift */; };
		4EC51C952C911B8500385BD0 /* ActivityIndicatorWithSwitchViewController+Action.swift in Sources */ = {isa = PBXBuildFile; fileRef = 4EC51C942C911B8500385BD0 /* ActivityIndicatorWithSwitchViewController+Action.swift */; };
		4EC51C972C91226300385BD0 /* OutLineViewController.swift in Sources */ = {isa = PBXBuildFile; fileRef = 4EC51C962C91226300385BD0 /* OutLineViewController.swift */; };
		4EC51C9A2C9128C400385BD0 /* OutLineViewController+DataSource.swift in Sources */ = {isa = PBXBuildFile; fileRef = 4EC51C992C9128C400385BD0 /* OutLineViewController+DataSource.swift */; };
		4EC51C9C2C91295200385BD0 /* OutLine.swift in Sources */ = {isa = PBXBuildFile; fileRef = 4EC51C9B2C91295200385BD0 /* OutLine.swift */; };
		4EC51C9F2C912AD800385BD0 /* OutLineViewController+Delegate.swift in Sources */ = {isa = PBXBuildFile; fileRef = 4EC51C9E2C912AD800385BD0 /* OutLineViewController+Delegate.swift */; };
		4EC51CA12C91597B00385BD0 /* PickerViewController.swift in Sources */ = {isa = PBXBuildFile; fileRef = 4EC51CA02C91597B00385BD0 /* PickerViewController.swift */; };
		4ECD49782C8E9B6000F3BEC7 /* AppDelegate.swift in Sources */ = {isa = PBXBuildFile; fileRef = 4ECD49772C8E9B6000F3BEC7 /* AppDelegate.swift */; };
		4ECD497A2C8E9B6000F3BEC7 /* SceneDelegate.swift in Sources */ = {isa = PBXBuildFile; fileRef = 4ECD49792C8E9B6000F3BEC7 /* SceneDelegate.swift */; };
		4ECD497C2C8E9B6000F3BEC7 /* ViewController.swift in Sources */ = {isa = PBXBuildFile; fileRef = 4ECD497B2C8E9B6000F3BEC7 /* ViewController.swift */; };
		4ECD49812C8E9B6200F3BEC7 /* Assets.xcassets in Resources */ = {isa = PBXBuildFile; fileRef = 4ECD49802C8E9B6200F3BEC7 /* Assets.xcassets */; };
		4ECD49842C8E9B6200F3BEC7 /* Base in Resources */ = {isa = PBXBuildFile; fileRef = 4ECD49832C8E9B6200F3BEC7 /* Base */; };
		4ECD498C2C8EB5BC00F3BEC7 /* TextViewController.swift in Sources */ = {isa = PBXBuildFile; fileRef = 4ECD498B2C8EB5BC00F3BEC7 /* TextViewController.swift */; };
		4ECD498E2C8ECBDD00F3BEC7 /* ButtonViewController.swift in Sources */ = {isa = PBXBuildFile; fileRef = 4ECD498D2C8ECBDD00F3BEC7 /* ButtonViewController.swift */; };
/* End PBXBuildFile section */

/* Begin PBXFileReference section */
		4E285DBE2C8FE947007F286C /* ButtonViewController+Action.swift */ = {isa = PBXFileReference; lastKnownFileType = sourcecode.swift; path = "ButtonViewController+Action.swift"; sourceTree = "<group>"; };
		4E285DC22C901405007F286C /* TextViewController+Action.swift */ = {isa = PBXFileReference; lastKnownFileType = sourcecode.swift; path = "TextViewController+Action.swift"; sourceTree = "<group>"; };
		4E285DC42C901C68007F286C /* ActivityIndicatorWithSwitchViewController.swift */ = {isa = PBXFileReference; lastKnownFileType = sourcecode.swift; path = ActivityIndicatorWithSwitchViewController.swift; sourceTree = "<group>"; };
		4EC51C942C911B8500385BD0 /* ActivityIndicatorWithSwitchViewController+Action.swift */ = {isa = PBXFileReference; lastKnownFileType = sourcecode.swift; path = "ActivityIndicatorWithSwitchViewController+Action.swift"; sourceTree = "<group>"; };
		4EC51C962C91226300385BD0 /* OutLineViewController.swift */ = {isa = PBXFileReference; lastKnownFileType = sourcecode.swift; path = OutLineViewController.swift; sourceTree = "<group>"; };
		4EC51C992C9128C400385BD0 /* OutLineViewController+DataSource.swift */ = {isa = PBXFileReference; lastKnownFileType = sourcecode.swift; path = "OutLineViewController+DataSource.swift"; sourceTree = "<group>"; };
		4EC51C9B2C91295200385BD0 /* OutLine.swift */ = {isa = PBXFileReference; lastKnownFileType = sourcecode.swift; path = OutLine.swift; sourceTree = "<group>"; };
		4EC51C9E2C912AD800385BD0 /* OutLineViewController+Delegate.swift */ = {isa = PBXFileReference; lastKnownFileType = sourcecode.swift; path = "OutLineViewController+Delegate.swift"; sourceTree = "<group>"; };
		4EC51CA02C91597B00385BD0 /* PickerViewController.swift */ = {isa = PBXFileReference; lastKnownFileType = sourcecode.swift; path = PickerViewController.swift; sourceTree = "<group>"; };
		4ECD49742C8E9B6000F3BEC7 /* DefaultComponents-Accessibility.app */ = {isa = PBXFileReference; explicitFileType = wrapper.application; includeInIndex = 0; path = "DefaultComponents-Accessibility.app"; sourceTree = BUILT_PRODUCTS_DIR; };
		4ECD49772C8E9B6000F3BEC7 /* AppDelegate.swift */ = {isa = PBXFileReference; lastKnownFileType = sourcecode.swift; path = AppDelegate.swift; sourceTree = "<group>"; };
		4ECD49792C8E9B6000F3BEC7 /* SceneDelegate.swift */ = {isa = PBXFileReference; lastKnownFileType = sourcecode.swift; path = SceneDelegate.swift; sourceTree = "<group>"; };
		4ECD497B2C8E9B6000F3BEC7 /* ViewController.swift */ = {isa = PBXFileReference; lastKnownFileType = sourcecode.swift; path = ViewController.swift; sourceTree = "<group>"; };
		4ECD49802C8E9B6200F3BEC7 /* Assets.xcassets */ = {isa = PBXFileReference; lastKnownFileType = folder.assetcatalog; path = Assets.xcassets; sourceTree = "<group>"; };
		4ECD49832C8E9B6200F3BEC7 /* Base */ = {isa = PBXFileReference; lastKnownFileType = file.storyboard; name = Base; path = Base.lproj/LaunchScreen.storyboard; sourceTree = "<group>"; };
		4ECD49852C8E9B6200F3BEC7 /* Info.plist */ = {isa = PBXFileReference; lastKnownFileType = text.plist.xml; path = Info.plist; sourceTree = "<group>"; };
		4ECD498B2C8EB5BC00F3BEC7 /* TextViewController.swift */ = {isa = PBXFileReference; lastKnownFileType = sourcecode.swift; path = TextViewController.swift; sourceTree = "<group>"; };
		4ECD498D2C8ECBDD00F3BEC7 /* ButtonViewController.swift */ = {isa = PBXFileReference; lastKnownFileType = sourcecode.swift; path = ButtonViewController.swift; sourceTree = "<group>"; };
/* End PBXFileReference section */

/* Begin PBXFrameworksBuildPhase section */
		4ECD49712C8E9B6000F3BEC7 /* Frameworks */ = {
			isa = PBXFrameworksBuildPhase;
			buildActionMask = 2147483647;
			files = (
			);
			runOnlyForDeploymentPostprocessing = 0;
		};
/* End PBXFrameworksBuildPhase section */

/* Begin PBXGroup section */
		4E285DBD2C8FE911007F286C /* ButtonViewController */ = {
			isa = PBXGroup;
			children = (
				4ECD498D2C8ECBDD00F3BEC7 /* ButtonViewController.swift */,
				4E285DBE2C8FE947007F286C /* ButtonViewController+Action.swift */,
			);
			path = ButtonViewController;
			sourceTree = "<group>";
		};
		4E285DC02C8FF02E007F286C /* TextViewController */ = {
			isa = PBXGroup;
			children = (
				4ECD498B2C8EB5BC00F3BEC7 /* TextViewController.swift */,
				4E285DC22C901405007F286C /* TextViewController+Action.swift */,
			);
			path = TextViewController;
			sourceTree = "<group>";
		};
		4EC51C932C911B4E00385BD0 /* ActivityIndicatorWithSwitchViewController */ = {
			isa = PBXGroup;
			children = (
				4E285DC42C901C68007F286C /* ActivityIndicatorWithSwitchViewController.swift */,
				4EC51C942C911B8500385BD0 /* ActivityIndicatorWithSwitchViewController+Action.swift */,
			);
			path = ActivityIndicatorWithSwitchViewController;
			sourceTree = "<group>";
		};
		4EC51C982C9128A900385BD0 /* OutlineViewController */ = {
			isa = PBXGroup;
			children = (
				4EC51C962C91226300385BD0 /* OutLineViewController.swift */,
				4EC51C992C9128C400385BD0 /* OutLineViewController+DataSource.swift */,
				4EC51C9E2C912AD800385BD0 /* OutLineViewController+Delegate.swift */,
			);
			path = OutlineViewController;
			sourceTree = "<group>";
		};
		4EC51C9D2C912A9100385BD0 /* Model */ = {
			isa = PBXGroup;
			children = (
				4EC51C9B2C91295200385BD0 /* OutLine.swift */,
			);
			path = Model;
			sourceTree = "<group>";
		};
		4ECD496B2C8E9B6000F3BEC7 = {
			isa = PBXGroup;
			children = (
				4ECD49762C8E9B6000F3BEC7 /* DefaultComponents-Accessibility */,
				4ECD49752C8E9B6000F3BEC7 /* Products */,
			);
			sourceTree = "<group>";
		};
		4ECD49752C8E9B6000F3BEC7 /* Products */ = {
			isa = PBXGroup;
			children = (
				4ECD49742C8E9B6000F3BEC7 /* DefaultComponents-Accessibility.app */,
			);
			name = Products;
			sourceTree = "<group>";
		};
		4ECD49762C8E9B6000F3BEC7 /* DefaultComponents-Accessibility */ = {
			isa = PBXGroup;
			children = (
				4EC51CA02C91597B00385BD0 /* PickerViewController.swift */,
				4EC51C9D2C912A9100385BD0 /* Model */,
				4E285DBD2C8FE911007F286C /* ButtonViewController */,
				4ECD49772C8E9B6000F3BEC7 /* AppDelegate.swift */,
				4ECD49792C8E9B6000F3BEC7 /* SceneDelegate.swift */,
				4ECD497B2C8E9B6000F3BEC7 /* ViewController.swift */,
				4ECD49802C8E9B6200F3BEC7 /* Assets.xcassets */,
				4ECD49822C8E9B6200F3BEC7 /* LaunchScreen.storyboard */,
				4ECD49852C8E9B6200F3BEC7 /* Info.plist */,
				4E285DC02C8FF02E007F286C /* TextViewController */,
				4EC51C932C911B4E00385BD0 /* ActivityIndicatorWithSwitchViewController */,
				4EC51C982C9128A900385BD0 /* OutlineViewController */,
			);
			path = "DefaultComponents-Accessibility";
			sourceTree = "<group>";
		};
/* End PBXGroup section */

/* Begin PBXNativeTarget section */
		4ECD49732C8E9B6000F3BEC7 /* DefaultComponents-Accessibility */ = {
			isa = PBXNativeTarget;
			buildConfigurationList = 4ECD49882C8E9B6200F3BEC7 /* Build configuration list for PBXNativeTarget "DefaultComponents-Accessibility" */;
			buildPhases = (
				4ECD49702C8E9B6000F3BEC7 /* Sources */,
				4ECD49712C8E9B6000F3BEC7 /* Frameworks */,
				4ECD49722C8E9B6000F3BEC7 /* Resources */,
			);
			buildRules = (
			);
			dependencies = (
			);
			name = "DefaultComponents-Accessibility";
			productName = "DefaultComponents-Accessibility";
			productReference = 4ECD49742C8E9B6000F3BEC7 /* DefaultComponents-Accessibility.app */;
			productType = "com.apple.product-type.application";
		};
/* End PBXNativeTarget section */

/* Begin PBXProject section */
		4ECD496C2C8E9B6000F3BEC7 /* Project object */ = {
			isa = PBXProject;
			attributes = {
				BuildIndependentTargetsInParallel = 1;
				LastSwiftUpdateCheck = 1540;
				LastUpgradeCheck = 1540;
				TargetAttributes = {
					4ECD49732C8E9B6000F3BEC7 = {
						CreatedOnToolsVersion = 15.4;
					};
				};
			};
			buildConfigurationList = 4ECD496F2C8E9B6000F3BEC7 /* Build configuration list for PBXProject "DefaultComponents-Accessibility" */;
			compatibilityVersion = "Xcode 14.0";
			developmentRegion = en;
			hasScannedForEncodings = 0;
			knownRegions = (
				en,
				Base,
			);
			mainGroup = 4ECD496B2C8E9B6000F3BEC7;
			productRefGroup = 4ECD49752C8E9B6000F3BEC7 /* Products */;
			projectDirPath = "";
			projectRoot = "";
			targets = (
				4ECD49732C8E9B6000F3BEC7 /* DefaultComponents-Accessibility */,
			);
		};
/* End PBXProject section */

/* Begin PBXResourcesBuildPhase section */
		4ECD49722C8E9B6000F3BEC7 /* Resources */ = {
			isa = PBXResourcesBuildPhase;
			buildActionMask = 2147483647;
			files = (
				4ECD49812C8E9B6200F3BEC7 /* Assets.xcassets in Resources */,
				4ECD49842C8E9B6200F3BEC7 /* Base in Resources */,
			);
			runOnlyForDeploymentPostprocessing = 0;
		};
/* End PBXResourcesBuildPhase section */

/* Begin PBXSourcesBuildPhase section */
		4ECD49702C8E9B6000F3BEC7 /* Sources */ = {
			isa = PBXSourcesBuildPhase;
			buildActionMask = 2147483647;
			files = (
				4E285DC32C901405007F286C /* TextViewController+Action.swift in Sources */,
				4EC51C9A2C9128C400385BD0 /* OutLineViewController+DataSource.swift in Sources */,
				4E285DC52C901C68007F286C /* ActivityIndicatorWithSwitchViewController.swift in Sources */,
				4EC51C952C911B8500385BD0 /* ActivityIndicatorWithSwitchViewController+Action.swift in Sources */,
				4EC51C972C91226300385BD0 /* OutLineViewController.swift in Sources */,
				4ECD497C2C8E9B6000F3BEC7 /* ViewController.swift in Sources */,
				4ECD49782C8E9B6000F3BEC7 /* AppDelegate.swift in Sources */,
				4E285DBF2C8FE947007F286C /* ButtonViewController+Action.swift in Sources */,
				4EC51C9F2C912AD800385BD0 /* OutLineViewController+Delegate.swift in Sources */,
				4EC51C9C2C91295200385BD0 /* OutLine.swift in Sources */,
				4ECD497A2C8E9B6000F3BEC7 /* SceneDelegate.swift in Sources */,
				4ECD498E2C8ECBDD00F3BEC7 /* ButtonViewController.swift in Sources */,
				4EC51CA12C91597B00385BD0 /* PickerViewController.swift in Sources */,
				4ECD498C2C8EB5BC00F3BEC7 /* TextViewController.swift in Sources */,
			);
			runOnlyForDeploymentPostprocessing = 0;
		};
/* End PBXSourcesBuildPhase section */

/* Begin PBXVariantGroup section */
		4ECD49822C8E9B6200F3BEC7 /* LaunchScreen.storyboard */ = {
			isa = PBXVariantGroup;
			children = (
				4ECD49832C8E9B6200F3BEC7 /* Base */,
			);
			name = LaunchScreen.storyboard;
			sourceTree = "<group>";
		};
/* End PBXVariantGroup section */

/* Begin XCBuildConfiguration section */
		4ECD49862C8E9B6200F3BEC7 /* Debug */ = {
			isa = XCBuildConfiguration;
			buildSettings = {
				ALWAYS_SEARCH_USER_PATHS = NO;
				ASSETCATALOG_COMPILER_GENERATE_SWIFT_ASSET_SYMBOL_EXTENSIONS = YES;
				CLANG_ANALYZER_NONNULL = YES;
				CLANG_ANALYZER_NUMBER_OBJECT_CONVERSION = YES_AGGRESSIVE;
				CLANG_CXX_LANGUAGE_STANDARD = "gnu++20";
				CLANG_ENABLE_MODULES = YES;
				CLANG_ENABLE_OBJC_ARC = YES;
				CLANG_ENABLE_OBJC_WEAK = YES;
				CLANG_WARN_BLOCK_CAPTURE_AUTORELEASING = YES;
				CLANG_WARN_BOOL_CONVERSION = YES;
				CLANG_WARN_COMMA = YES;
				CLANG_WARN_CONSTANT_CONVERSION = YES;
				CLANG_WARN_DEPRECATED_OBJC_IMPLEMENTATIONS = YES;
				CLANG_WARN_DIRECT_OBJC_ISA_USAGE = YES_ERROR;
				CLANG_WARN_DOCUMENTATION_COMMENTS = YES;
				CLANG_WARN_EMPTY_BODY = YES;
				CLANG_WARN_ENUM_CONVERSION = YES;
				CLANG_WARN_INFINITE_RECURSION = YES;
				CLANG_WARN_INT_CONVERSION = YES;
				CLANG_WARN_NON_LITERAL_NULL_CONVERSION = YES;
				CLANG_WARN_OBJC_IMPLICIT_RETAIN_SELF = YES;
				CLANG_WARN_OBJC_LITERAL_CONVERSION = YES;
				CLANG_WARN_OBJC_ROOT_CLASS = YES_ERROR;
				CLANG_WARN_QUOTED_INCLUDE_IN_FRAMEWORK_HEADER = YES;
				CLANG_WARN_RANGE_LOOP_ANALYSIS = YES;
				CLANG_WARN_STRICT_PROTOTYPES = YES;
				CLANG_WARN_SUSPICIOUS_MOVE = YES;
				CLANG_WARN_UNGUARDED_AVAILABILITY = YES_AGGRESSIVE;
				CLANG_WARN_UNREACHABLE_CODE = YES;
				CLANG_WARN__DUPLICATE_METHOD_MATCH = YES;
				COPY_PHASE_STRIP = NO;
				DEBUG_INFORMATION_FORMAT = dwarf;
				ENABLE_STRICT_OBJC_MSGSEND = YES;
				ENABLE_TESTABILITY = YES;
				ENABLE_USER_SCRIPT_SANDBOXING = YES;
				GCC_C_LANGUAGE_STANDARD = gnu17;
				GCC_DYNAMIC_NO_PIC = NO;
				GCC_NO_COMMON_BLOCKS = YES;
				GCC_OPTIMIZATION_LEVEL = 0;
				GCC_PREPROCESSOR_DEFINITIONS = (
					"DEBUG=1",
					"$(inherited)",
				);
				GCC_WARN_64_TO_32_BIT_CONVERSION = YES;
				GCC_WARN_ABOUT_RETURN_TYPE = YES_ERROR;
				GCC_WARN_UNDECLARED_SELECTOR = YES;
				GCC_WARN_UNINITIALIZED_AUTOS = YES_AGGRESSIVE;
				GCC_WARN_UNUSED_FUNCTION = YES;
				GCC_WARN_UNUSED_VARIABLE = YES;
				IPHONEOS_DEPLOYMENT_TARGET = 17.5;
				LOCALIZATION_PREFERS_STRING_CATALOGS = YES;
				MTL_ENABLE_DEBUG_INFO = INCLUDE_SOURCE;
				MTL_FAST_MATH = YES;
				ONLY_ACTIVE_ARCH = YES;
				SDKROOT = iphoneos;
				SWIFT_ACTIVE_COMPILATION_CONDITIONS = "DEBUG $(inherited)";
				SWIFT_OPTIMIZATION_LEVEL = "-Onone";
			};
			name = Debug;
		};
		4ECD49872C8E9B6200F3BEC7 /* Release */ = {
			isa = XCBuildConfiguration;
			buildSettings = {
				ALWAYS_SEARCH_USER_PATHS = NO;
				ASSETCATALOG_COMPILER_GENERATE_SWIFT_ASSET_SYMBOL_EXTENSIONS = YES;
				CLANG_ANALYZER_NONNULL = YES;
				CLANG_ANALYZER_NUMBER_OBJECT_CONVERSION = YES_AGGRESSIVE;
				CLANG_CXX_LANGUAGE_STANDARD = "gnu++20";
				CLANG_ENABLE_MODULES = YES;
				CLANG_ENABLE_OBJC_ARC = YES;
				CLANG_ENABLE_OBJC_WEAK = YES;
				CLANG_WARN_BLOCK_CAPTURE_AUTORELEASING = YES;
				CLANG_WARN_BOOL_CONVERSION = YES;
				CLANG_WARN_COMMA = YES;
				CLANG_WARN_CONSTANT_CONVERSION = YES;
				CLANG_WARN_DEPRECATED_OBJC_IMPLEMENTATIONS = YES;
				CLANG_WARN_DIRECT_OBJC_ISA_USAGE = YES_ERROR;
				CLANG_WARN_DOCUMENTATION_COMMENTS = YES;
				CLANG_WARN_EMPTY_BODY = YES;
				CLANG_WARN_ENUM_CONVERSION = YES;
				CLANG_WARN_INFINITE_RECURSION = YES;
				CLANG_WARN_INT_CONVERSION = YES;
				CLANG_WARN_NON_LITERAL_NULL_CONVERSION = YES;
				CLANG_WARN_OBJC_IMPLICIT_RETAIN_SELF = YES;
				CLANG_WARN_OBJC_LITERAL_CONVERSION = YES;
				CLANG_WARN_OBJC_ROOT_CLASS = YES_ERROR;
				CLANG_WARN_QUOTED_INCLUDE_IN_FRAMEWORK_HEADER = YES;
				CLANG_WARN_RANGE_LOOP_ANALYSIS = YES;
				CLANG_WARN_STRICT_PROTOTYPES = YES;
				CLANG_WARN_SUSPICIOUS_MOVE = YES;
				CLANG_WARN_UNGUARDED_AVAILABILITY = YES_AGGRESSIVE;
				CLANG_WARN_UNREACHABLE_CODE = YES;
				CLANG_WARN__DUPLICATE_METHOD_MATCH = YES;
				COPY_PHASE_STRIP = NO;
				DEBUG_INFORMATION_FORMAT = "dwarf-with-dsym";
				ENABLE_NS_ASSERTIONS = NO;
				ENABLE_STRICT_OBJC_MSGSEND = YES;
				ENABLE_USER_SCRIPT_SANDBOXING = YES;
				GCC_C_LANGUAGE_STANDARD = gnu17;
				GCC_NO_COMMON_BLOCKS = YES;
				GCC_WARN_64_TO_32_BIT_CONVERSION = YES;
				GCC_WARN_ABOUT_RETURN_TYPE = YES_ERROR;
				GCC_WARN_UNDECLARED_SELECTOR = YES;
				GCC_WARN_UNINITIALIZED_AUTOS = YES_AGGRESSIVE;
				GCC_WARN_UNUSED_FUNCTION = YES;
				GCC_WARN_UNUSED_VARIABLE = YES;
				IPHONEOS_DEPLOYMENT_TARGET = 17.5;
				LOCALIZATION_PREFERS_STRING_CATALOGS = YES;
				MTL_ENABLE_DEBUG_INFO = NO;
				MTL_FAST_MATH = YES;
				SDKROOT = iphoneos;
				SWIFT_COMPILATION_MODE = wholemodule;
				VALIDATE_PRODUCT = YES;
			};
			name = Release;
		};
		4ECD49892C8E9B6200F3BEC7 /* Debug */ = {
			isa = XCBuildConfiguration;
			buildSettings = {
				ASSETCATALOG_COMPILER_APPICON_NAME = AppIcon;
				ASSETCATALOG_COMPILER_GLOBAL_ACCENT_COLOR_NAME = AccentColor;
				CODE_SIGN_STYLE = Automatic;
				CURRENT_PROJECT_VERSION = 1;
				DEVELOPMENT_TEAM = ZQV4ZDQNW5;
				GENERATE_INFOPLIST_FILE = YES;
				INFOPLIST_FILE = "DefaultComponents-Accessibility/Info.plist";
				INFOPLIST_KEY_UIApplicationSupportsIndirectInputEvents = YES;
				INFOPLIST_KEY_UILaunchStoryboardName = LaunchScreen;
				INFOPLIST_KEY_UIMainStoryboardFile = "";
				INFOPLIST_KEY_UISupportedInterfaceOrientations_iPad = "UIInterfaceOrientationPortrait UIInterfaceOrientationPortraitUpsideDown UIInterfaceOrientationLandscapeLeft UIInterfaceOrientationLandscapeRight";
				INFOPLIST_KEY_UISupportedInterfaceOrientations_iPhone = "UIInterfaceOrientationPortrait UIInterfaceOrientationLandscapeLeft UIInterfaceOrientationLandscapeRight";
				LD_RUNPATH_SEARCH_PATHS = (
					"$(inherited)",
					"@executable_path/Frameworks",
				);
				MARKETING_VERSION = 1.0;
				PRODUCT_BUNDLE_IDENTIFIER = "com.tistory.88yhtserof.DefaultComponents-Accessibility";
				PRODUCT_NAME = "$(TARGET_NAME)";
				SWIFT_EMIT_LOC_STRINGS = YES;
				SWIFT_VERSION = 5.0;
				TARGETED_DEVICE_FAMILY = "1,2";
			};
			name = Debug;
		};
		4ECD498A2C8E9B6200F3BEC7 /* Release */ = {
			isa = XCBuildConfiguration;
			buildSettings = {
				ASSETCATALOG_COMPILER_APPICON_NAME = AppIcon;
				ASSETCATALOG_COMPILER_GLOBAL_ACCENT_COLOR_NAME = AccentColor;
				CODE_SIGN_STYLE = Automatic;
				CURRENT_PROJECT_VERSION = 1;
				DEVELOPMENT_TEAM = ZQV4ZDQNW5;
				GENERATE_INFOPLIST_FILE = YES;
				INFOPLIST_FILE = "DefaultComponents-Accessibility/Info.plist";
				INFOPLIST_KEY_UIApplicationSupportsIndirectInputEvents = YES;
				INFOPLIST_KEY_UILaunchStoryboardName = LaunchScreen;
				INFOPLIST_KEY_UIMainStoryboardFile = "";
				INFOPLIST_KEY_UISupportedInterfaceOrientations_iPad = "UIInterfaceOrientationPortrait UIInterfaceOrientationPortraitUpsideDown UIInterfaceOrientationLandscapeLeft UIInterfaceOrientationLandscapeRight";
				INFOPLIST_KEY_UISupportedInterfaceOrientations_iPhone = "UIInterfaceOrientationPortrait UIInterfaceOrientationLandscapeLeft UIInterfaceOrientationLandscapeRight";
				LD_RUNPATH_SEARCH_PATHS = (
					"$(inherited)",
					"@executable_path/Frameworks",
				);
				MARKETING_VERSION = 1.0;
				PRODUCT_BUNDLE_IDENTIFIER = "com.tistory.88yhtserof.DefaultComponents-Accessibility";
				PRODUCT_NAME = "$(TARGET_NAME)";
				SWIFT_EMIT_LOC_STRINGS = YES;
				SWIFT_VERSION = 5.0;
				TARGETED_DEVICE_FAMILY = "1,2";
			};
			name = Release;
		};
/* End XCBuildConfiguration section */

/* Begin XCConfigurationList section */
		4ECD496F2C8E9B6000F3BEC7 /* Build configuration list for PBXProject "DefaultComponents-Accessibility" */ = {
			isa = XCConfigurationList;
			buildConfigurations = (
				4ECD49862C8E9B6200F3BEC7 /* Debug */,
				4ECD49872C8E9B6200F3BEC7 /* Release */,
			);
			defaultConfigurationIsVisible = 0;
			defaultConfigurationName = Release;
		};
		4ECD49882C8E9B6200F3BEC7 /* Build configuration list for PBXNativeTarget "DefaultComponents-Accessibility" */ = {
			isa = XCConfigurationList;
			buildConfigurations = (
				4ECD49892C8E9B6200F3BEC7 /* Debug */,
				4ECD498A2C8E9B6200F3BEC7 /* Release */,
			);
			defaultConfigurationIsVisible = 0;
			defaultConfigurationName = Release;
		};
/* End XCConfigurationList section */
	};
	rootObject = 4ECD496C2C8E9B6000F3BEC7 /* Project object */;
}
