// !$*UTF8*$!
{
	archiveVersion = 1;
	classes = {
	};
	objectVersion = 56;
	objects = {

/* Begin PBXBuildFile section */
		4E0AB03F2C9BAB9700B8A89C /* Detail.swift in Sources */ = {isa = PBXBuildFile; fileRef = 4E0AB03E2C9BAB9700B8A89C /* Detail.swift */; };
		4E0AB0452C9BC9CE00B8A89C /* ComponentBoxView.swift in Sources */ = {isa = PBXBuildFile; fileRef = 4E0AB0442C9BC9CE00B8A89C /* ComponentBoxView.swift */; };
		4E0AB0472C9BD22200B8A89C /* DefaultTextField.swift in Sources */ = {isa = PBXBuildFile; fileRef = 4E0AB0462C9BD22200B8A89C /* DefaultTextField.swift */; };
		4E0AB0492C9BDD9900B8A89C /* TextInputViewController.swift in Sources */ = {isa = PBXBuildFile; fileRef = 4E0AB0482C9BDD9900B8A89C /* TextInputViewController.swift */; };
		4E0AB04E2C9BE27300B8A89C /* LabelViewController.swift in Sources */ = {isa = PBXBuildFile; fileRef = 4E0AB04D2C9BE27300B8A89C /* LabelViewController.swift */; };
		4E0AB0502C9BEF2800B8A89C /* SearchViewController.swift in Sources */ = {isa = PBXBuildFile; fileRef = 4E0AB04F2C9BEF2800B8A89C /* SearchViewController.swift */; };
		4E0AB0522C9BF02500B8A89C /* SearchViewController+DataSource.swift in Sources */ = {isa = PBXBuildFile; fileRef = 4E0AB0512C9BF02500B8A89C /* SearchViewController+DataSource.swift */; };
		4E0AB0542C9BF19C00B8A89C /* SearchViewController+Delegate.swift in Sources */ = {isa = PBXBuildFile; fileRef = 4E0AB0532C9BF19C00B8A89C /* SearchViewController+Delegate.swift */; };
		4E285DBF2C8FE947007F286C /* ButtonAndSliderViewController+Action.swift in Sources */ = {isa = PBXBuildFile; fileRef = 4E285DBE2C8FE947007F286C /* ButtonAndSliderViewController+Action.swift */; };
		4E285DC52C901C68007F286C /* StateViewController.swift in Sources */ = {isa = PBXBuildFile; fileRef = 4E285DC42C901C68007F286C /* StateViewController.swift */; };
		4E31E0F02C927024004C4979 /* DateFormatterManager.swift in Sources */ = {isa = PBXBuildFile; fileRef = 4E31E0EF2C927024004C4979 /* DateFormatterManager.swift */; };
		4E31E0F32C927621004C4979 /* DateAndTimeViewController+Action.swift in Sources */ = {isa = PBXBuildFile; fileRef = 4E31E0F22C927621004C4979 /* DateAndTimeViewController+Action.swift */; };
		4EC51C952C911B8500385BD0 /* StateViewController+Action.swift in Sources */ = {isa = PBXBuildFile; fileRef = 4EC51C942C911B8500385BD0 /* StateViewController+Action.swift */; };
		4EC51C972C91226300385BD0 /* OutlineViewController.swift in Sources */ = {isa = PBXBuildFile; fileRef = 4EC51C962C91226300385BD0 /* OutlineViewController.swift */; };
		4EC51C9A2C9128C400385BD0 /* OutLineViewController+DataSource.swift in Sources */ = {isa = PBXBuildFile; fileRef = 4EC51C992C9128C400385BD0 /* OutLineViewController+DataSource.swift */; };
		4EC51C9C2C91295200385BD0 /* Outline.swift in Sources */ = {isa = PBXBuildFile; fileRef = 4EC51C9B2C91295200385BD0 /* Outline.swift */; };
		4EC51C9F2C912AD800385BD0 /* OutLineViewController+Delegate.swift in Sources */ = {isa = PBXBuildFile; fileRef = 4EC51C9E2C912AD800385BD0 /* OutLineViewController+Delegate.swift */; };
		4EC51CA12C91597B00385BD0 /* DateAndTimeViewController.swift in Sources */ = {isa = PBXBuildFile; fileRef = 4EC51CA02C91597B00385BD0 /* DateAndTimeViewController.swift */; };
		4EC52ADF2C9D157B007E07D6 /* SwitchViewController.swift in Sources */ = {isa = PBXBuildFile; fileRef = 4EC52ADE2C9D157B007E07D6 /* SwitchViewController.swift */; };
		4EC52AE12C9D1590007E07D6 /* SwitchViewController+DataSource.swift in Sources */ = {isa = PBXBuildFile; fileRef = 4EC52AE02C9D1590007E07D6 /* SwitchViewController+DataSource.swift */; };
		4EC52AE32C9D19D8007E07D6 /* SwitchViewController+Action.swift in Sources */ = {isa = PBXBuildFile; fileRef = 4EC52AE22C9D19D8007E07D6 /* SwitchViewController+Action.swift */; };
		4EC52AE72C9D36F4007E07D6 /* ImageLoader.swift in Sources */ = {isa = PBXBuildFile; fileRef = 4EC52AE62C9D36F4007E07D6 /* ImageLoader.swift */; };
		4EC52AE92CA0F53A007E07D6 /* StateViewController+Delegate.swift in Sources */ = {isa = PBXBuildFile; fileRef = 4EC52AE82CA0F53A007E07D6 /* StateViewController+Delegate.swift */; };
		4EC52AEB2CA11594007E07D6 /* DateAndTimeViewController+Delegate.swift in Sources */ = {isa = PBXBuildFile; fileRef = 4EC52AEA2CA11594007E07D6 /* DateAndTimeViewController+Delegate.swift */; };
		4EC52AED2CA1352F007E07D6 /* CollectionViewController.swift in Sources */ = {isa = PBXBuildFile; fileRef = 4EC52AEC2CA1352F007E07D6 /* CollectionViewController.swift */; };
		4EC52AEF2CA1359F007E07D6 /* CollectionViewController+DataSource.swift in Sources */ = {isa = PBXBuildFile; fileRef = 4EC52AEE2CA1359F007E07D6 /* CollectionViewController+DataSource.swift */; };
		4EC52AF12CA13728007E07D6 /* GridTextCell.swift in Sources */ = {isa = PBXBuildFile; fileRef = 4EC52AF02CA13728007E07D6 /* GridTextCell.swift */; };
		4EC52AF32CA138D3007E07D6 /* TitleSupplementaryView.swift in Sources */ = {isa = PBXBuildFile; fileRef = 4EC52AF22CA138D3007E07D6 /* TitleSupplementaryView.swift */; };
		4EC52AF52CA13925007E07D6 /* View+Constraints.swift in Sources */ = {isa = PBXBuildFile; fileRef = 4EC52AF42CA13925007E07D6 /* View+Constraints.swift */; };
		4EC52AF72CA13A51007E07D6 /* CollectionView+ListLayout.swift in Sources */ = {isa = PBXBuildFile; fileRef = 4EC52AF62CA13A51007E07D6 /* CollectionView+ListLayout.swift */; };
		4EC52AF92CA13F3E007E07D6 /* CollectionViewController+Type.swift in Sources */ = {isa = PBXBuildFile; fileRef = 4EC52AF82CA13F3E007E07D6 /* CollectionViewController+Type.swift */; };
		4EC52AFC2CA144D5007E07D6 /* TableViewController.swift in Sources */ = {isa = PBXBuildFile; fileRef = 4EC52AFB2CA144D5007E07D6 /* TableViewController.swift */; };
		4EC52AFE2CA145C0007E07D6 /* TableViewController+DataSource.swift in Sources */ = {isa = PBXBuildFile; fileRef = 4EC52AFD2CA145C0007E07D6 /* TableViewController+DataSource.swift */; };
		4EC52B002CA14976007E07D6 /* TableViewController+Delegate.swift in Sources */ = {isa = PBXBuildFile; fileRef = 4EC52AFF2CA14976007E07D6 /* TableViewController+Delegate.swift */; };
		4ECD49782C8E9B6000F3BEC7 /* AppDelegate.swift in Sources */ = {isa = PBXBuildFile; fileRef = 4ECD49772C8E9B6000F3BEC7 /* AppDelegate.swift */; };
		4ECD497A2C8E9B6000F3BEC7 /* SceneDelegate.swift in Sources */ = {isa = PBXBuildFile; fileRef = 4ECD49792C8E9B6000F3BEC7 /* SceneDelegate.swift */; };
		4ECD49812C8E9B6200F3BEC7 /* Assets.xcassets in Resources */ = {isa = PBXBuildFile; fileRef = 4ECD49802C8E9B6200F3BEC7 /* Assets.xcassets */; };
		4ECD49842C8E9B6200F3BEC7 /* Base in Resources */ = {isa = PBXBuildFile; fileRef = 4ECD49832C8E9B6200F3BEC7 /* Base */; };
		4ECD498E2C8ECBDD00F3BEC7 /* ButtonAndSliderViewController.swift in Sources */ = {isa = PBXBuildFile; fileRef = 4ECD498D2C8ECBDD00F3BEC7 /* ButtonAndSliderViewController.swift */; };
		4EF982152C93E4DF00809294 /* AlertViewController.swift in Sources */ = {isa = PBXBuildFile; fileRef = 4EF982142C93E4DF00809294 /* AlertViewController.swift */; };
		4EF982172C93FCDC00809294 /* AlertViewController+Action.swift in Sources */ = {isa = PBXBuildFile; fileRef = 4EF982162C93FCDC00809294 /* AlertViewController+Action.swift */; };
/* End PBXBuildFile section */

/* Begin PBXFileReference section */
		4E0AB03E2C9BAB9700B8A89C /* Detail.swift */ = {isa = PBXFileReference; lastKnownFileType = sourcecode.swift; path = Detail.swift; sourceTree = "<group>"; };
		4E0AB0442C9BC9CE00B8A89C /* ComponentBoxView.swift */ = {isa = PBXFileReference; lastKnownFileType = sourcecode.swift; path = ComponentBoxView.swift; sourceTree = "<group>"; };
		4E0AB0462C9BD22200B8A89C /* DefaultTextField.swift */ = {isa = PBXFileReference; lastKnownFileType = sourcecode.swift; path = DefaultTextField.swift; sourceTree = "<group>"; };
		4E0AB0482C9BDD9900B8A89C /* TextInputViewController.swift */ = {isa = PBXFileReference; lastKnownFileType = sourcecode.swift; path = TextInputViewController.swift; sourceTree = "<group>"; };
		4E0AB04D2C9BE27300B8A89C /* LabelViewController.swift */ = {isa = PBXFileReference; lastKnownFileType = sourcecode.swift; path = LabelViewController.swift; sourceTree = "<group>"; };
		4E0AB04F2C9BEF2800B8A89C /* SearchViewController.swift */ = {isa = PBXFileReference; lastKnownFileType = sourcecode.swift; path = SearchViewController.swift; sourceTree = "<group>"; };
		4E0AB0512C9BF02500B8A89C /* SearchViewController+DataSource.swift */ = {isa = PBXFileReference; lastKnownFileType = sourcecode.swift; path = "SearchViewController+DataSource.swift"; sourceTree = "<group>"; };
		4E0AB0532C9BF19C00B8A89C /* SearchViewController+Delegate.swift */ = {isa = PBXFileReference; lastKnownFileType = sourcecode.swift; path = "SearchViewController+Delegate.swift"; sourceTree = "<group>"; };
		4E285DBE2C8FE947007F286C /* ButtonAndSliderViewController+Action.swift */ = {isa = PBXFileReference; lastKnownFileType = sourcecode.swift; path = "ButtonAndSliderViewController+Action.swift"; sourceTree = "<group>"; };
		4E285DC42C901C68007F286C /* StateViewController.swift */ = {isa = PBXFileReference; lastKnownFileType = sourcecode.swift; path = StateViewController.swift; sourceTree = "<group>"; };
		4E31E0EF2C927024004C4979 /* DateFormatterManager.swift */ = {isa = PBXFileReference; lastKnownFileType = sourcecode.swift; path = DateFormatterManager.swift; sourceTree = "<group>"; };
		4E31E0F22C927621004C4979 /* DateAndTimeViewController+Action.swift */ = {isa = PBXFileReference; lastKnownFileType = sourcecode.swift; path = "DateAndTimeViewController+Action.swift"; sourceTree = "<group>"; };
		4EC51C942C911B8500385BD0 /* StateViewController+Action.swift */ = {isa = PBXFileReference; lastKnownFileType = sourcecode.swift; path = "StateViewController+Action.swift"; sourceTree = "<group>"; };
		4EC51C962C91226300385BD0 /* OutlineViewController.swift */ = {isa = PBXFileReference; lastKnownFileType = sourcecode.swift; path = OutlineViewController.swift; sourceTree = "<group>"; };
		4EC51C992C9128C400385BD0 /* OutLineViewController+DataSource.swift */ = {isa = PBXFileReference; lastKnownFileType = sourcecode.swift; path = "OutLineViewController+DataSource.swift"; sourceTree = "<group>"; };
		4EC51C9B2C91295200385BD0 /* Outline.swift */ = {isa = PBXFileReference; lastKnownFileType = sourcecode.swift; path = Outline.swift; sourceTree = "<group>"; };
		4EC51C9E2C912AD800385BD0 /* OutLineViewController+Delegate.swift */ = {isa = PBXFileReference; lastKnownFileType = sourcecode.swift; path = "OutLineViewController+Delegate.swift"; sourceTree = "<group>"; };
		4EC51CA02C91597B00385BD0 /* DateAndTimeViewController.swift */ = {isa = PBXFileReference; lastKnownFileType = sourcecode.swift; path = DateAndTimeViewController.swift; sourceTree = "<group>"; };
		4EC52ADE2C9D157B007E07D6 /* SwitchViewController.swift */ = {isa = PBXFileReference; lastKnownFileType = sourcecode.swift; path = SwitchViewController.swift; sourceTree = "<group>"; };
		4EC52AE02C9D1590007E07D6 /* SwitchViewController+DataSource.swift */ = {isa = PBXFileReference; lastKnownFileType = sourcecode.swift; path = "SwitchViewController+DataSource.swift"; sourceTree = "<group>"; };
		4EC52AE22C9D19D8007E07D6 /* SwitchViewController+Action.swift */ = {isa = PBXFileReference; lastKnownFileType = sourcecode.swift; path = "SwitchViewController+Action.swift"; sourceTree = "<group>"; };
		4EC52AE62C9D36F4007E07D6 /* ImageLoader.swift */ = {isa = PBXFileReference; lastKnownFileType = sourcecode.swift; path = ImageLoader.swift; sourceTree = "<group>"; };
		4EC52AE82CA0F53A007E07D6 /* StateViewController+Delegate.swift */ = {isa = PBXFileReference; lastKnownFileType = sourcecode.swift; path = "StateViewController+Delegate.swift"; sourceTree = "<group>"; };
		4EC52AEA2CA11594007E07D6 /* DateAndTimeViewController+Delegate.swift */ = {isa = PBXFileReference; lastKnownFileType = sourcecode.swift; path = "DateAndTimeViewController+Delegate.swift"; sourceTree = "<group>"; };
		4EC52AEC2CA1352F007E07D6 /* CollectionViewController.swift */ = {isa = PBXFileReference; lastKnownFileType = sourcecode.swift; path = CollectionViewController.swift; sourceTree = "<group>"; };
		4EC52AEE2CA1359F007E07D6 /* CollectionViewController+DataSource.swift */ = {isa = PBXFileReference; lastKnownFileType = sourcecode.swift; path = "CollectionViewController+DataSource.swift"; sourceTree = "<group>"; };
		4EC52AF02CA13728007E07D6 /* GridTextCell.swift */ = {isa = PBXFileReference; lastKnownFileType = sourcecode.swift; path = GridTextCell.swift; sourceTree = "<group>"; };
		4EC52AF22CA138D3007E07D6 /* TitleSupplementaryView.swift */ = {isa = PBXFileReference; lastKnownFileType = sourcecode.swift; path = TitleSupplementaryView.swift; sourceTree = "<group>"; };
		4EC52AF42CA13925007E07D6 /* View+Constraints.swift */ = {isa = PBXFileReference; lastKnownFileType = sourcecode.swift; path = "View+Constraints.swift"; sourceTree = "<group>"; };
		4EC52AF62CA13A51007E07D6 /* CollectionView+ListLayout.swift */ = {isa = PBXFileReference; lastKnownFileType = sourcecode.swift; path = "CollectionView+ListLayout.swift"; sourceTree = "<group>"; };
		4EC52AF82CA13F3E007E07D6 /* CollectionViewController+Type.swift */ = {isa = PBXFileReference; lastKnownFileType = sourcecode.swift; path = "CollectionViewController+Type.swift"; sourceTree = "<group>"; };
		4EC52AFB2CA144D5007E07D6 /* TableViewController.swift */ = {isa = PBXFileReference; lastKnownFileType = sourcecode.swift; path = TableViewController.swift; sourceTree = "<group>"; };
		4EC52AFD2CA145C0007E07D6 /* TableViewController+DataSource.swift */ = {isa = PBXFileReference; lastKnownFileType = sourcecode.swift; path = "TableViewController+DataSource.swift"; sourceTree = "<group>"; };
		4EC52AFF2CA14976007E07D6 /* TableViewController+Delegate.swift */ = {isa = PBXFileReference; lastKnownFileType = sourcecode.swift; path = "TableViewController+Delegate.swift"; sourceTree = "<group>"; };
		4ECD49742C8E9B6000F3BEC7 /* DefaultComponents-Accessibility.app */ = {isa = PBXFileReference; explicitFileType = wrapper.application; includeInIndex = 0; path = "DefaultComponents-Accessibility.app"; sourceTree = BUILT_PRODUCTS_DIR; };
		4ECD49772C8E9B6000F3BEC7 /* AppDelegate.swift */ = {isa = PBXFileReference; lastKnownFileType = sourcecode.swift; path = AppDelegate.swift; sourceTree = "<group>"; };
		4ECD49792C8E9B6000F3BEC7 /* SceneDelegate.swift */ = {isa = PBXFileReference; lastKnownFileType = sourcecode.swift; path = SceneDelegate.swift; sourceTree = "<group>"; };
		4ECD49802C8E9B6200F3BEC7 /* Assets.xcassets */ = {isa = PBXFileReference; lastKnownFileType = folder.assetcatalog; path = Assets.xcassets; sourceTree = "<group>"; };
		4ECD49832C8E9B6200F3BEC7 /* Base */ = {isa = PBXFileReference; lastKnownFileType = file.storyboard; name = Base; path = Base.lproj/LaunchScreen.storyboard; sourceTree = "<group>"; };
		4ECD49852C8E9B6200F3BEC7 /* Info.plist */ = {isa = PBXFileReference; lastKnownFileType = text.plist.xml; path = Info.plist; sourceTree = "<group>"; };
		4ECD498D2C8ECBDD00F3BEC7 /* ButtonAndSliderViewController.swift */ = {isa = PBXFileReference; lastKnownFileType = sourcecode.swift; path = ButtonAndSliderViewController.swift; sourceTree = "<group>"; };
		4EF982142C93E4DF00809294 /* AlertViewController.swift */ = {isa = PBXFileReference; lastKnownFileType = sourcecode.swift; path = AlertViewController.swift; sourceTree = "<group>"; };
		4EF982162C93FCDC00809294 /* AlertViewController+Action.swift */ = {isa = PBXFileReference; lastKnownFileType = sourcecode.swift; path = "AlertViewController+Action.swift"; sourceTree = "<group>"; };
/* End PBXFileReference section */

/* Begin PBXFrameworksBuildPhase section */
		4ECD49712C8E9B6000F3BEC7 /* Frameworks */ = {
			isa = PBXFrameworksBuildPhase;
			buildActionMask = 2147483647;
			files = (
			);
			runOnlyForDeploymentPostprocessing = 0;
		};
/* End PBXFrameworksBuildPhase section */

/* Begin PBXGroup section */
		4E0AB04A2C9BE10200B8A89C /* Views */ = {
			isa = PBXGroup;
			children = (
				4E0AB0442C9BC9CE00B8A89C /* ComponentBoxView.swift */,
				4E0AB0462C9BD22200B8A89C /* DefaultTextField.swift */,
				4EC52AF02CA13728007E07D6 /* GridTextCell.swift */,
				4EC52AF22CA138D3007E07D6 /* TitleSupplementaryView.swift */,
				4EC52AF42CA13925007E07D6 /* View+Constraints.swift */,
			);
			path = Views;
			sourceTree = "<group>";
		};
		4E0AB04B2C9BE1DA00B8A89C /* TextInputViewController */ = {
			isa = PBXGroup;
			children = (
				4E0AB0482C9BDD9900B8A89C /* TextInputViewController.swift */,
			);
			path = TextInputViewController;
			sourceTree = "<group>";
		};
		4E0AB04C2C9BE1FB00B8A89C /* Text */ = {
			isa = PBXGroup;
			children = (
				4E0AB04B2C9BE1DA00B8A89C /* TextInputViewController */,
				4EC52AD82C9CFDA4007E07D6 /* LabelViewController */,
				4EC52AD72C9CFD8B007E07D6 /* SearchViewController */,
			);
			path = Text;
			sourceTree = "<group>";
		};
		4E285DBD2C8FE911007F286C /* ButtonViewController */ = {
			isa = PBXGroup;
			children = (
				4EC52AE42C9D2017007E07D6 /* ButtonAndSliderViewController */,
				4EC52AE52C9D202D007E07D6 /* SwitchViewController */,
			);
			path = ButtonViewController;
			sourceTree = "<group>";
		};
		4E31E0F12C9275B7004C4979 /* PickerViewController */ = {
			isa = PBXGroup;
			children = (
				4EC51CA02C91597B00385BD0 /* DateAndTimeViewController.swift */,
				4E31E0F22C927621004C4979 /* DateAndTimeViewController+Action.swift */,
				4EC52AEA2CA11594007E07D6 /* DateAndTimeViewController+Delegate.swift */,
			);
			path = PickerViewController;
			sourceTree = "<group>";
		};
		4EC51C932C911B4E00385BD0 /* StateViewController */ = {
			isa = PBXGroup;
			children = (
				4E285DC42C901C68007F286C /* StateViewController.swift */,
				4EC51C942C911B8500385BD0 /* StateViewController+Action.swift */,
				4EC52AE82CA0F53A007E07D6 /* StateViewController+Delegate.swift */,
			);
			path = StateViewController;
			sourceTree = "<group>";
		};
		4EC51C982C9128A900385BD0 /* OutlineViewController */ = {
			isa = PBXGroup;
			children = (
				4EC51C962C91226300385BD0 /* OutlineViewController.swift */,
				4EC51C992C9128C400385BD0 /* OutLineViewController+DataSource.swift */,
				4EC51C9E2C912AD800385BD0 /* OutLineViewController+Delegate.swift */,
			);
			path = OutlineViewController;
			sourceTree = "<group>";
		};
		4EC51C9D2C912A9100385BD0 /* Models */ = {
			isa = PBXGroup;
			children = (
				4EC51C9B2C91295200385BD0 /* Outline.swift */,
				4E0AB03E2C9BAB9700B8A89C /* Detail.swift */,
				4E31E0EF2C927024004C4979 /* DateFormatterManager.swift */,
				4EC52AE62C9D36F4007E07D6 /* ImageLoader.swift */,
			);
			path = Models;
			sourceTree = "<group>";
		};
		4EC52AD72C9CFD8B007E07D6 /* SearchViewController */ = {
			isa = PBXGroup;
			children = (
				4E0AB04F2C9BEF2800B8A89C /* SearchViewController.swift */,
				4E0AB0512C9BF02500B8A89C /* SearchViewController+DataSource.swift */,
				4E0AB0532C9BF19C00B8A89C /* SearchViewController+Delegate.swift */,
			);
			path = SearchViewController;
			sourceTree = "<group>";
		};
		4EC52AD82C9CFDA4007E07D6 /* LabelViewController */ = {
			isa = PBXGroup;
			children = (
				4E0AB04D2C9BE27300B8A89C /* LabelViewController.swift */,
			);
			path = LabelViewController;
			sourceTree = "<group>";
		};
		4EC52AE42C9D2017007E07D6 /* ButtonAndSliderViewController */ = {
			isa = PBXGroup;
			children = (
				4ECD498D2C8ECBDD00F3BEC7 /* ButtonAndSliderViewController.swift */,
				4E285DBE2C8FE947007F286C /* ButtonAndSliderViewController+Action.swift */,
			);
			path = ButtonAndSliderViewController;
			sourceTree = "<group>";
		};
		4EC52AE52C9D202D007E07D6 /* SwitchViewController */ = {
			isa = PBXGroup;
			children = (
				4EC52ADE2C9D157B007E07D6 /* SwitchViewController.swift */,
				4EC52AE02C9D1590007E07D6 /* SwitchViewController+DataSource.swift */,
				4EC52AE22C9D19D8007E07D6 /* SwitchViewController+Action.swift */,
			);
			path = SwitchViewController;
			sourceTree = "<group>";
		};
		4EC52AFA2CA13FA4007E07D6 /* CollectionViewController */ = {
			isa = PBXGroup;
			children = (
				4EC52AEC2CA1352F007E07D6 /* CollectionViewController.swift */,
				4EC52AEE2CA1359F007E07D6 /* CollectionViewController+DataSource.swift */,
				4EC52AF62CA13A51007E07D6 /* CollectionView+ListLayout.swift */,
				4EC52AF82CA13F3E007E07D6 /* CollectionViewController+Type.swift */,
			);
			path = CollectionViewController;
			sourceTree = "<group>";
		};
		4ECD496B2C8E9B6000F3BEC7 = {
			isa = PBXGroup;
			children = (
				4ECD49762C8E9B6000F3BEC7 /* DefaultComponents-Accessibility */,
				4ECD49752C8E9B6000F3BEC7 /* Products */,
			);
			sourceTree = "<group>";
		};
		4ECD49752C8E9B6000F3BEC7 /* Products */ = {
			isa = PBXGroup;
			children = (
				4ECD49742C8E9B6000F3BEC7 /* DefaultComponents-Accessibility.app */,
			);
			name = Products;
			sourceTree = "<group>";
		};
		4ECD49762C8E9B6000F3BEC7 /* DefaultComponents-Accessibility */ = {
			isa = PBXGroup;
			children = (
				4EC51C9D2C912A9100385BD0 /* Models */,
				4EC51C982C9128A900385BD0 /* OutlineViewController */,
				4E285DBD2C8FE911007F286C /* ButtonViewController */,
				4E0AB04C2C9BE1FB00B8A89C /* Text */,
				4EC51C932C911B4E00385BD0 /* StateViewController */,
				4E31E0F12C9275B7004C4979 /* PickerViewController */,
				4EC52AFA2CA13FA4007E07D6 /* CollectionViewController */,
				4EF982182C9415B100809294 /* AlertViewController */,
				4E0AB04A2C9BE10200B8A89C /* Views */,
				4ECD49772C8E9B6000F3BEC7 /* AppDelegate.swift */,
				4ECD49792C8E9B6000F3BEC7 /* SceneDelegate.swift */,
				4ECD49802C8E9B6200F3BEC7 /* Assets.xcassets */,
				4ECD49822C8E9B6200F3BEC7 /* LaunchScreen.storyboard */,
				4ECD49852C8E9B6200F3BEC7 /* Info.plist */,
				4EC52AFB2CA144D5007E07D6 /* TableViewController.swift */,
				4EC52AFD2CA145C0007E07D6 /* TableViewController+DataSource.swift */,
				4EC52AFF2CA14976007E07D6 /* TableViewController+Delegate.swift */,
			);
			path = "DefaultComponents-Accessibility";
			sourceTree = "<group>";
		};
		4EF982182C9415B100809294 /* AlertViewController */ = {
			isa = PBXGroup;
			children = (
				4EF982142C93E4DF00809294 /* AlertViewController.swift */,
				4EF982162C93FCDC00809294 /* AlertViewController+Action.swift */,
			);
			path = AlertViewController;
			sourceTree = "<group>";
		};
/* End PBXGroup section */

/* Begin PBXNativeTarget section */
		4ECD49732C8E9B6000F3BEC7 /* DefaultComponents-Accessibility */ = {
			isa = PBXNativeTarget;
			buildConfigurationList = 4ECD49882C8E9B6200F3BEC7 /* Build configuration list for PBXNativeTarget "DefaultComponents-Accessibility" */;
			buildPhases = (
				4ECD49702C8E9B6000F3BEC7 /* Sources */,
				4ECD49712C8E9B6000F3BEC7 /* Frameworks */,
				4ECD49722C8E9B6000F3BEC7 /* Resources */,
			);
			buildRules = (
			);
			dependencies = (
			);
			name = "DefaultComponents-Accessibility";
			productName = "DefaultComponents-Accessibility";
			productReference = 4ECD49742C8E9B6000F3BEC7 /* DefaultComponents-Accessibility.app */;
			productType = "com.apple.product-type.application";
		};
/* End PBXNativeTarget section */

/* Begin PBXProject section */
		4ECD496C2C8E9B6000F3BEC7 /* Project object */ = {
			isa = PBXProject;
			attributes = {
				BuildIndependentTargetsInParallel = 1;
				LastSwiftUpdateCheck = 1540;
				LastUpgradeCheck = 1540;
				TargetAttributes = {
					4ECD49732C8E9B6000F3BEC7 = {
						CreatedOnToolsVersion = 15.4;
					};
				};
			};
			buildConfigurationList = 4ECD496F2C8E9B6000F3BEC7 /* Build configuration list for PBXProject "DefaultComponents-Accessibility" */;
			compatibilityVersion = "Xcode 14.0";
			developmentRegion = en;
			hasScannedForEncodings = 0;
			knownRegions = (
				en,
				Base,
			);
			mainGroup = 4ECD496B2C8E9B6000F3BEC7;
			productRefGroup = 4ECD49752C8E9B6000F3BEC7 /* Products */;
			projectDirPath = "";
			projectRoot = "";
			targets = (
				4ECD49732C8E9B6000F3BEC7 /* DefaultComponents-Accessibility */,
			);
		};
/* End PBXProject section */

/* Begin PBXResourcesBuildPhase section */
		4ECD49722C8E9B6000F3BEC7 /* Resources */ = {
			isa = PBXResourcesBuildPhase;
			buildActionMask = 2147483647;
			files = (
				4ECD49812C8E9B6200F3BEC7 /* Assets.xcassets in Resources */,
				4ECD49842C8E9B6200F3BEC7 /* Base in Resources */,
			);
			runOnlyForDeploymentPostprocessing = 0;
		};
/* End PBXResourcesBuildPhase section */

/* Begin PBXSourcesBuildPhase section */
		4ECD49702C8E9B6000F3BEC7 /* Sources */ = {
			isa = PBXSourcesBuildPhase;
			buildActionMask = 2147483647;
			files = (
				4E0AB03F2C9BAB9700B8A89C /* Detail.swift in Sources */,
				4EC52AE92CA0F53A007E07D6 /* StateViewController+Delegate.swift in Sources */,
				4E31E0F02C927024004C4979 /* DateFormatterManager.swift in Sources */,
				4EC51C9A2C9128C400385BD0 /* OutLineViewController+DataSource.swift in Sources */,
				4EC52AE72C9D36F4007E07D6 /* ImageLoader.swift in Sources */,
				4EC52AEB2CA11594007E07D6 /* DateAndTimeViewController+Delegate.swift in Sources */,
				4EC52AEF2CA1359F007E07D6 /* CollectionViewController+DataSource.swift in Sources */,
				4E285DC52C901C68007F286C /* StateViewController.swift in Sources */,
				4EC51C952C911B8500385BD0 /* StateViewController+Action.swift in Sources */,
				4EC52B002CA14976007E07D6 /* TableViewController+Delegate.swift in Sources */,
				4EC51C972C91226300385BD0 /* OutlineViewController.swift in Sources */,
				4EC52AFE2CA145C0007E07D6 /* TableViewController+DataSource.swift in Sources */,
				4EC52AE12C9D1590007E07D6 /* SwitchViewController+DataSource.swift in Sources */,
				4E0AB0492C9BDD9900B8A89C /* TextInputViewController.swift in Sources */,
				4EC52AF32CA138D3007E07D6 /* TitleSupplementaryView.swift in Sources */,
				4EC52AF72CA13A51007E07D6 /* CollectionView+ListLayout.swift in Sources */,
				4E31E0F32C927621004C4979 /* DateAndTimeViewController+Action.swift in Sources */,
				4ECD49782C8E9B6000F3BEC7 /* AppDelegate.swift in Sources */,
				4E285DBF2C8FE947007F286C /* ButtonAndSliderViewController+Action.swift in Sources */,
				4EC51C9F2C912AD800385BD0 /* OutLineViewController+Delegate.swift in Sources */,
				4E0AB0522C9BF02500B8A89C /* SearchViewController+DataSource.swift in Sources */,
				4E0AB0542C9BF19C00B8A89C /* SearchViewController+Delegate.swift in Sources */,
				4EC51C9C2C91295200385BD0 /* Outline.swift in Sources */,
				4EF982172C93FCDC00809294 /* AlertViewController+Action.swift in Sources */,
				4E0AB0502C9BEF2800B8A89C /* SearchViewController.swift in Sources */,
				4EC52AF52CA13925007E07D6 /* View+Constraints.swift in Sources */,
				4EC52AE32C9D19D8007E07D6 /* SwitchViewController+Action.swift in Sources */,
				4ECD497A2C8E9B6000F3BEC7 /* SceneDelegate.swift in Sources */,
				4EC52AF92CA13F3E007E07D6 /* CollectionViewController+Type.swift in Sources */,
				4EC52AF12CA13728007E07D6 /* GridTextCell.swift in Sources */,
				4E0AB0472C9BD22200B8A89C /* DefaultTextField.swift in Sources */,
				4EC52AFC2CA144D5007E07D6 /* TableViewController.swift in Sources */,
				4E0AB04E2C9BE27300B8A89C /* LabelViewController.swift in Sources */,
				4EC52AED2CA1352F007E07D6 /* CollectionViewController.swift in Sources */,
				4EF982152C93E4DF00809294 /* AlertViewController.swift in Sources */,
				4E0AB0452C9BC9CE00B8A89C /* ComponentBoxView.swift in Sources */,
				4ECD498E2C8ECBDD00F3BEC7 /* ButtonAndSliderViewController.swift in Sources */,
				4EC52ADF2C9D157B007E07D6 /* SwitchViewController.swift in Sources */,
				4EC51CA12C91597B00385BD0 /* DateAndTimeViewController.swift in Sources */,
			);
			runOnlyForDeploymentPostprocessing = 0;
		};
/* End PBXSourcesBuildPhase section */

/* Begin PBXVariantGroup section */
		4ECD49822C8E9B6200F3BEC7 /* LaunchScreen.storyboard */ = {
			isa = PBXVariantGroup;
			children = (
				4ECD49832C8E9B6200F3BEC7 /* Base */,
			);
			name = LaunchScreen.storyboard;
			sourceTree = "<group>";
		};
/* End PBXVariantGroup section */

/* Begin XCBuildConfiguration section */
		4ECD49862C8E9B6200F3BEC7 /* Debug */ = {
			isa = XCBuildConfiguration;
			buildSettings = {
				ALWAYS_SEARCH_USER_PATHS = NO;
				ASSETCATALOG_COMPILER_GENERATE_SWIFT_ASSET_SYMBOL_EXTENSIONS = YES;
				CLANG_ANALYZER_NONNULL = YES;
				CLANG_ANALYZER_NUMBER_OBJECT_CONVERSION = YES_AGGRESSIVE;
				CLANG_CXX_LANGUAGE_STANDARD = "gnu++20";
				CLANG_ENABLE_MODULES = YES;
				CLANG_ENABLE_OBJC_ARC = YES;
				CLANG_ENABLE_OBJC_WEAK = YES;
				CLANG_WARN_BLOCK_CAPTURE_AUTORELEASING = YES;
				CLANG_WARN_BOOL_CONVERSION = YES;
				CLANG_WARN_COMMA = YES;
				CLANG_WARN_CONSTANT_CONVERSION = YES;
				CLANG_WARN_DEPRECATED_OBJC_IMPLEMENTATIONS = YES;
				CLANG_WARN_DIRECT_OBJC_ISA_USAGE = YES_ERROR;
				CLANG_WARN_DOCUMENTATION_COMMENTS = YES;
				CLANG_WARN_EMPTY_BODY = YES;
				CLANG_WARN_ENUM_CONVERSION = YES;
				CLANG_WARN_INFINITE_RECURSION = YES;
				CLANG_WARN_INT_CONVERSION = YES;
				CLANG_WARN_NON_LITERAL_NULL_CONVERSION = YES;
				CLANG_WARN_OBJC_IMPLICIT_RETAIN_SELF = YES;
				CLANG_WARN_OBJC_LITERAL_CONVERSION = YES;
				CLANG_WARN_OBJC_ROOT_CLASS = YES_ERROR;
				CLANG_WARN_QUOTED_INCLUDE_IN_FRAMEWORK_HEADER = YES;
				CLANG_WARN_RANGE_LOOP_ANALYSIS = YES;
				CLANG_WARN_STRICT_PROTOTYPES = YES;
				CLANG_WARN_SUSPICIOUS_MOVE = YES;
				CLANG_WARN_UNGUARDED_AVAILABILITY = YES_AGGRESSIVE;
				CLANG_WARN_UNREACHABLE_CODE = YES;
				CLANG_WARN__DUPLICATE_METHOD_MATCH = YES;
				COPY_PHASE_STRIP = NO;
				DEBUG_INFORMATION_FORMAT = dwarf;
				ENABLE_STRICT_OBJC_MSGSEND = YES;
				ENABLE_TESTABILITY = YES;
				ENABLE_USER_SCRIPT_SANDBOXING = YES;
				GCC_C_LANGUAGE_STANDARD = gnu17;
				GCC_DYNAMIC_NO_PIC = NO;
				GCC_NO_COMMON_BLOCKS = YES;
				GCC_OPTIMIZATION_LEVEL = 0;
				GCC_PREPROCESSOR_DEFINITIONS = (
					"DEBUG=1",
					"$(inherited)",
				);
				GCC_WARN_64_TO_32_BIT_CONVERSION = YES;
				GCC_WARN_ABOUT_RETURN_TYPE = YES_ERROR;
				GCC_WARN_UNDECLARED_SELECTOR = YES;
				GCC_WARN_UNINITIALIZED_AUTOS = YES_AGGRESSIVE;
				GCC_WARN_UNUSED_FUNCTION = YES;
				GCC_WARN_UNUSED_VARIABLE = YES;
				IPHONEOS_DEPLOYMENT_TARGET = 17.5;
				LOCALIZATION_PREFERS_STRING_CATALOGS = YES;
				MTL_ENABLE_DEBUG_INFO = INCLUDE_SOURCE;
				MTL_FAST_MATH = YES;
				ONLY_ACTIVE_ARCH = YES;
				SDKROOT = iphoneos;
				SWIFT_ACTIVE_COMPILATION_CONDITIONS = "DEBUG $(inherited)";
				SWIFT_OPTIMIZATION_LEVEL = "-Onone";
			};
			name = Debug;
		};
		4ECD49872C8E9B6200F3BEC7 /* Release */ = {
			isa = XCBuildConfiguration;
			buildSettings = {
				ALWAYS_SEARCH_USER_PATHS = NO;
				ASSETCATALOG_COMPILER_GENERATE_SWIFT_ASSET_SYMBOL_EXTENSIONS = YES;
				CLANG_ANALYZER_NONNULL = YES;
				CLANG_ANALYZER_NUMBER_OBJECT_CONVERSION = YES_AGGRESSIVE;
				CLANG_CXX_LANGUAGE_STANDARD = "gnu++20";
				CLANG_ENABLE_MODULES = YES;
				CLANG_ENABLE_OBJC_ARC = YES;
				CLANG_ENABLE_OBJC_WEAK = YES;
				CLANG_WARN_BLOCK_CAPTURE_AUTORELEASING = YES;
				CLANG_WARN_BOOL_CONVERSION = YES;
				CLANG_WARN_COMMA = YES;
				CLANG_WARN_CONSTANT_CONVERSION = YES;
				CLANG_WARN_DEPRECATED_OBJC_IMPLEMENTATIONS = YES;
				CLANG_WARN_DIRECT_OBJC_ISA_USAGE = YES_ERROR;
				CLANG_WARN_DOCUMENTATION_COMMENTS = YES;
				CLANG_WARN_EMPTY_BODY = YES;
				CLANG_WARN_ENUM_CONVERSION = YES;
				CLANG_WARN_INFINITE_RECURSION = YES;
				CLANG_WARN_INT_CONVERSION = YES;
				CLANG_WARN_NON_LITERAL_NULL_CONVERSION = YES;
				CLANG_WARN_OBJC_IMPLICIT_RETAIN_SELF = YES;
				CLANG_WARN_OBJC_LITERAL_CONVERSION = YES;
				CLANG_WARN_OBJC_ROOT_CLASS = YES_ERROR;
				CLANG_WARN_QUOTED_INCLUDE_IN_FRAMEWORK_HEADER = YES;
				CLANG_WARN_RANGE_LOOP_ANALYSIS = YES;
				CLANG_WARN_STRICT_PROTOTYPES = YES;
				CLANG_WARN_SUSPICIOUS_MOVE = YES;
				CLANG_WARN_UNGUARDED_AVAILABILITY = YES_AGGRESSIVE;
				CLANG_WARN_UNREACHABLE_CODE = YES;
				CLANG_WARN__DUPLICATE_METHOD_MATCH = YES;
				COPY_PHASE_STRIP = NO;
				DEBUG_INFORMATION_FORMAT = "dwarf-with-dsym";
				ENABLE_NS_ASSERTIONS = NO;
				ENABLE_STRICT_OBJC_MSGSEND = YES;
				ENABLE_USER_SCRIPT_SANDBOXING = YES;
				GCC_C_LANGUAGE_STANDARD = gnu17;
				GCC_NO_COMMON_BLOCKS = YES;
				GCC_WARN_64_TO_32_BIT_CONVERSION = YES;
				GCC_WARN_ABOUT_RETURN_TYPE = YES_ERROR;
				GCC_WARN_UNDECLARED_SELECTOR = YES;
				GCC_WARN_UNINITIALIZED_AUTOS = YES_AGGRESSIVE;
				GCC_WARN_UNUSED_FUNCTION = YES;
				GCC_WARN_UNUSED_VARIABLE = YES;
				IPHONEOS_DEPLOYMENT_TARGET = 17.5;
				LOCALIZATION_PREFERS_STRING_CATALOGS = YES;
				MTL_ENABLE_DEBUG_INFO = NO;
				MTL_FAST_MATH = YES;
				SDKROOT = iphoneos;
				SWIFT_COMPILATION_MODE = wholemodule;
				VALIDATE_PRODUCT = YES;
			};
			name = Release;
		};
		4ECD49892C8E9B6200F3BEC7 /* Debug */ = {
			isa = XCBuildConfiguration;
			buildSettings = {
				ASSETCATALOG_COMPILER_APPICON_NAME = AppIcon;
				ASSETCATALOG_COMPILER_GLOBAL_ACCENT_COLOR_NAME = AccentColor;
				CODE_SIGN_STYLE = Automatic;
				CURRENT_PROJECT_VERSION = 1;
				DEVELOPMENT_TEAM = ZQV4ZDQNW5;
				GENERATE_INFOPLIST_FILE = YES;
				INFOPLIST_FILE = "DefaultComponents-Accessibility/Info.plist";
				INFOPLIST_KEY_UIApplicationSupportsIndirectInputEvents = YES;
				INFOPLIST_KEY_UILaunchStoryboardName = LaunchScreen;
				INFOPLIST_KEY_UIMainStoryboardFile = "";
				INFOPLIST_KEY_UISupportedInterfaceOrientations_iPad = "UIInterfaceOrientationPortrait UIInterfaceOrientationPortraitUpsideDown UIInterfaceOrientationLandscapeLeft UIInterfaceOrientationLandscapeRight";
				INFOPLIST_KEY_UISupportedInterfaceOrientations_iPhone = "UIInterfaceOrientationPortrait UIInterfaceOrientationLandscapeLeft UIInterfaceOrientationLandscapeRight";
				LD_RUNPATH_SEARCH_PATHS = (
					"$(inherited)",
					"@executable_path/Frameworks",
				);
				MARKETING_VERSION = 1.0;
				PRODUCT_BUNDLE_IDENTIFIER = "com.tistory.88yhtserof.DefaultComponents-Accessibility";
				PRODUCT_NAME = "$(TARGET_NAME)";
				SWIFT_EMIT_LOC_STRINGS = YES;
				SWIFT_VERSION = 5.0;
				TARGETED_DEVICE_FAMILY = "1,2";
			};
			name = Debug;
		};
		4ECD498A2C8E9B6200F3BEC7 /* Release */ = {
			isa = XCBuildConfiguration;
			buildSettings = {
				ASSETCATALOG_COMPILER_APPICON_NAME = AppIcon;
				ASSETCATALOG_COMPILER_GLOBAL_ACCENT_COLOR_NAME = AccentColor;
				CODE_SIGN_STYLE = Automatic;
				CURRENT_PROJECT_VERSION = 1;
				DEVELOPMENT_TEAM = ZQV4ZDQNW5;
				GENERATE_INFOPLIST_FILE = YES;
				INFOPLIST_FILE = "DefaultComponents-Accessibility/Info.plist";
				INFOPLIST_KEY_UIApplicationSupportsIndirectInputEvents = YES;
				INFOPLIST_KEY_UILaunchStoryboardName = LaunchScreen;
				INFOPLIST_KEY_UIMainStoryboardFile = "";
				INFOPLIST_KEY_UISupportedInterfaceOrientations_iPad = "UIInterfaceOrientationPortrait UIInterfaceOrientationPortraitUpsideDown UIInterfaceOrientationLandscapeLeft UIInterfaceOrientationLandscapeRight";
				INFOPLIST_KEY_UISupportedInterfaceOrientations_iPhone = "UIInterfaceOrientationPortrait UIInterfaceOrientationLandscapeLeft UIInterfaceOrientationLandscapeRight";
				LD_RUNPATH_SEARCH_PATHS = (
					"$(inherited)",
					"@executable_path/Frameworks",
				);
				MARKETING_VERSION = 1.0;
				PRODUCT_BUNDLE_IDENTIFIER = "com.tistory.88yhtserof.DefaultComponents-Accessibility";
				PRODUCT_NAME = "$(TARGET_NAME)";
				SWIFT_EMIT_LOC_STRINGS = YES;
				SWIFT_VERSION = 5.0;
				TARGETED_DEVICE_FAMILY = "1,2";
			};
			name = Release;
		};
/* End XCBuildConfiguration section */

/* Begin XCConfigurationList section */
		4ECD496F2C8E9B6000F3BEC7 /* Build configuration list for PBXProject "DefaultComponents-Accessibility" */ = {
			isa = XCConfigurationList;
			buildConfigurations = (
				4ECD49862C8E9B6200F3BEC7 /* Debug */,
				4ECD49872C8E9B6200F3BEC7 /* Release */,
			);
			defaultConfigurationIsVisible = 0;
			defaultConfigurationName = Release;
		};
		4ECD49882C8E9B6200F3BEC7 /* Build configuration list for PBXNativeTarget "DefaultComponents-Accessibility" */ = {
			isa = XCConfigurationList;
			buildConfigurations = (
				4ECD49892C8E9B6200F3BEC7 /* Debug */,
				4ECD498A2C8E9B6200F3BEC7 /* Release */,
			);
			defaultConfigurationIsVisible = 0;
			defaultConfigurationName = Release;
		};
/* End XCConfigurationList section */
	};
	rootObject = 4ECD496C2C8E9B6000F3BEC7 /* Project object */;
}
